// !$*UTF8*$!
{
	archiveVersion = 1;
	classes = {
	};
	objectVersion = 46;
	objects = {

/* Begin PBXBuildFile section */
		4920044C18F801D557FA65B4 /* Pods.framework in Frameworks */ = {isa = PBXBuildFile; fileRef = 81D54CBE5C0F6BD46B143590 /* Pods.framework */; settings = {ATTRIBUTES = (Weak, ); }; };
		FA5A46B11BAC238000B9E2A2 /* AppDelegate.swift in Sources */ = {isa = PBXBuildFile; fileRef = FA5A46B01BAC238000B9E2A2 /* AppDelegate.swift */; };
		FA5A46B31BAC238000B9E2A2 /* ViewController.swift in Sources */ = {isa = PBXBuildFile; fileRef = FA5A46B21BAC238000B9E2A2 /* ViewController.swift */; };
		FA5A46B61BAC238000B9E2A2 /* Main.storyboard in Resources */ = {isa = PBXBuildFile; fileRef = FA5A46B41BAC238000B9E2A2 /* Main.storyboard */; };
		FA5A46B91BAC238100B9E2A2 /* Autumn.xcdatamodeld in Sources */ = {isa = PBXBuildFile; fileRef = FA5A46B71BAC238000B9E2A2 /* Autumn.xcdatamodeld */; };
		FA5A46BB1BAC238100B9E2A2 /* Assets.xcassets in Resources */ = {isa = PBXBuildFile; fileRef = FA5A46BA1BAC238100B9E2A2 /* Assets.xcassets */; };
		FA5A46BE1BAC238100B9E2A2 /* LaunchScreen.storyboard in Resources */ = {isa = PBXBuildFile; fileRef = FA5A46BC1BAC238100B9E2A2 /* LaunchScreen.storyboard */; };
		FA5A46C91BAC238100B9E2A2 /* AutumnTests.swift in Sources */ = {isa = PBXBuildFile; fileRef = FA5A46C81BAC238100B9E2A2 /* AutumnTests.swift */; };
		FA5A46D41BAC238100B9E2A2 /* AutumnUITests.swift in Sources */ = {isa = PBXBuildFile; fileRef = FA5A46D31BAC238100B9E2A2 /* AutumnUITests.swift */; };
		FA5A47511BAC23B900B9E2A2 /* Int+Tools.swift in Sources */ = {isa = PBXBuildFile; fileRef = FA5A46E31BAC23B900B9E2A2 /* Int+Tools.swift */; settings = {ASSET_TAGS = (); }; };
		FA5A47521BAC23B900B9E2A2 /* NSData+Tools.swift in Sources */ = {isa = PBXBuildFile; fileRef = FA5A46E41BAC23B900B9E2A2 /* NSData+Tools.swift */; settings = {ASSET_TAGS = (); }; };
		FA5A47531BAC23B900B9E2A2 /* NSMutableData+Tools.swift in Sources */ = {isa = PBXBuildFile; fileRef = FA5A46E51BAC23B900B9E2A2 /* NSMutableData+Tools.swift */; settings = {ASSET_TAGS = (); }; };
		FA5A47541BAC23B900B9E2A2 /* NSObject+Tools.swift in Sources */ = {isa = PBXBuildFile; fileRef = FA5A46E61BAC23B900B9E2A2 /* NSObject+Tools.swift */; settings = {ASSET_TAGS = (); }; };
		FA5A47551BAC23B900B9E2A2 /* String+Tools.swift in Sources */ = {isa = PBXBuildFile; fileRef = FA5A46E71BAC23B900B9E2A2 /* String+Tools.swift */; settings = {ASSET_TAGS = (); }; };
		FA5A47561BAC23B900B9E2A2 /* UIColor+Tools.swift in Sources */ = {isa = PBXBuildFile; fileRef = FA5A46E81BAC23B900B9E2A2 /* UIColor+Tools.swift */; settings = {ASSET_TAGS = (); }; };
		FA5A47571BAC23B900B9E2A2 /* UIImageView+Tools.swift in Sources */ = {isa = PBXBuildFile; fileRef = FA5A46E91BAC23B900B9E2A2 /* UIImageView+Tools.swift */; settings = {ASSET_TAGS = (); }; };
		FA5A47581BAC23B900B9E2A2 /* UIVIew+Tools.swift in Sources */ = {isa = PBXBuildFile; fileRef = FA5A46EA1BAC23B900B9E2A2 /* UIVIew+Tools.swift */; settings = {ASSET_TAGS = (); }; };
		FA5A47591BAC23B900B9E2A2 /* UIWebView+Tools.swift in Sources */ = {isa = PBXBuildFile; fileRef = FA5A46EB1BAC23B900B9E2A2 /* UIWebView+Tools.swift */; settings = {ASSET_TAGS = (); }; };
		FA5A475A1BAC23B900B9E2A2 /* GCDManager.swift in Sources */ = {isa = PBXBuildFile; fileRef = FA5A46ED1BAC23B900B9E2A2 /* GCDManager.swift */; settings = {ASSET_TAGS = (); }; };
		FA5A475B1BAC23B900B9E2A2 /* JavaScriptManager.swift in Sources */ = {isa = PBXBuildFile; fileRef = FA5A46EE1BAC23B900B9E2A2 /* JavaScriptManager.swift */; settings = {ASSET_TAGS = (); }; };
		FA5A475C1BAC23B900B9E2A2 /* NetManager.swift in Sources */ = {isa = PBXBuildFile; fileRef = FA5A46EF1BAC23B900B9E2A2 /* NetManager.swift */; settings = {ASSET_TAGS = (); }; };
		FA5A475D1BAC23B900B9E2A2 /* NotificationManager.swift in Sources */ = {isa = PBXBuildFile; fileRef = FA5A46F01BAC23B900B9E2A2 /* NotificationManager.swift */; settings = {ASSET_TAGS = (); }; };
		FA5A475E1BAC23B900B9E2A2 /* QiniuManager.swift in Sources */ = {isa = PBXBuildFile; fileRef = FA5A46F11BAC23B900B9E2A2 /* QiniuManager.swift */; settings = {ASSET_TAGS = (); }; };
		FA5A475F1BAC23B900B9E2A2 /* BaseModel.swift in Sources */ = {isa = PBXBuildFile; fileRef = FA5A46F41BAC23B900B9E2A2 /* BaseModel.swift */; settings = {ASSET_TAGS = (); }; };
		FA5A47601BAC23B900B9E2A2 /* CertificateModel.swift in Sources */ = {isa = PBXBuildFile; fileRef = FA5A46F51BAC23B900B9E2A2 /* CertificateModel.swift */; settings = {ASSET_TAGS = (); }; };
		FA5A47611BAC23B900B9E2A2 /* FontModel.swift in Sources */ = {isa = PBXBuildFile; fileRef = FA5A46F61BAC23B900B9E2A2 /* FontModel.swift */; settings = {ASSET_TAGS = (); }; };
		FA5A47621BAC23B900B9E2A2 /* ShareData.swift in Sources */ = {isa = PBXBuildFile; fileRef = FA5A46F71BAC23B900B9E2A2 /* ShareData.swift */; settings = {ASSET_TAGS = (); }; };
		FA5A47631BAC23B900B9E2A2 /* ShareModel.swift in Sources */ = {isa = PBXBuildFile; fileRef = FA5A46F81BAC23B900B9E2A2 /* ShareModel.swift */; settings = {ASSET_TAGS = (); }; };
		FA5A47641BAC23B900B9E2A2 /* AlbumViewController.swift in Sources */ = {isa = PBXBuildFile; fileRef = FA5A46FB1BAC23B900B9E2A2 /* AlbumViewController.swift */; settings = {ASSET_TAGS = (); }; };
		FA5A47651BAC23B900B9E2A2 /* BaseNaviViewController.swift in Sources */ = {isa = PBXBuildFile; fileRef = FA5A46FC1BAC23B900B9E2A2 /* BaseNaviViewController.swift */; settings = {ASSET_TAGS = (); }; };
		FA5A47661BAC23B900B9E2A2 /* BaseViewController.swift in Sources */ = {isa = PBXBuildFile; fileRef = FA5A46FD1BAC23B900B9E2A2 /* BaseViewController.swift */; settings = {ASSET_TAGS = (); }; };
		FA5A47691BAC23B900B9E2A2 /* MyViewController.swift in Sources */ = {isa = PBXBuildFile; fileRef = FA5A47001BAC23B900B9E2A2 /* MyViewController.swift */; settings = {ASSET_TAGS = (); }; };
		FA5A476A1BAC23B900B9E2A2 /* QRCodeReader.swift in Sources */ = {isa = PBXBuildFile; fileRef = FA5A47021BAC23B900B9E2A2 /* QRCodeReader.swift */; settings = {ASSET_TAGS = (); }; };
		FA5A476B1BAC23B900B9E2A2 /* QRCodeViewController.swift in Sources */ = {isa = PBXBuildFile; fileRef = FA5A47031BAC23B900B9E2A2 /* QRCodeViewController.swift */; settings = {ASSET_TAGS = (); }; };
		FA5A476C1BAC23B900B9E2A2 /* ReaderOverlayView.swift in Sources */ = {isa = PBXBuildFile; fileRef = FA5A47041BAC23B900B9E2A2 /* ReaderOverlayView.swift */; settings = {ASSET_TAGS = (); }; };
		FA5A476D1BAC23B900B9E2A2 /* SwitchCameraButton.swift in Sources */ = {isa = PBXBuildFile; fileRef = FA5A47051BAC23B900B9E2A2 /* SwitchCameraButton.swift */; settings = {ASSET_TAGS = (); }; };
		FA5A476E1BAC23B900B9E2A2 /* Summer.storyboard in Resources */ = {isa = PBXBuildFile; fileRef = FA5A47061BAC23B900B9E2A2 /* Summer.storyboard */; settings = {ASSET_TAGS = (); }; };
		FA5A476F1BAC23B900B9E2A2 /* AlbumImageCell.swift in Sources */ = {isa = PBXBuildFile; fileRef = FA5A47081BAC23B900B9E2A2 /* AlbumImageCell.swift */; settings = {ASSET_TAGS = (); }; };
		FA5A47701BAC23B900B9E2A2 /* AlbumImageCell.xib in Resources */ = {isa = PBXBuildFile; fileRef = FA5A47091BAC23B900B9E2A2 /* AlbumImageCell.xib */; settings = {ASSET_TAGS = (); }; };
		FA5A47711BAC23B900B9E2A2 /* AlbumView.swift in Sources */ = {isa = PBXBuildFile; fileRef = FA5A470A1BAC23B900B9E2A2 /* AlbumView.swift */; settings = {ASSET_TAGS = (); }; };
		FA5A47721BAC23B900B9E2A2 /* HTTPDebugView.swift in Sources */ = {isa = PBXBuildFile; fileRef = FA5A470B1BAC23B900B9E2A2 /* HTTPDebugView.swift */; settings = {ASSET_TAGS = (); }; };
		FA5A47731BAC23B900B9E2A2 /* HTTPDebugView.xib in Resources */ = {isa = PBXBuildFile; fileRef = FA5A470C1BAC23B900B9E2A2 /* HTTPDebugView.xib */; settings = {ASSET_TAGS = (); }; };
		FA5A47741BAC23B900B9E2A2 /* LoginView.swift in Sources */ = {isa = PBXBuildFile; fileRef = FA5A470D1BAC23B900B9E2A2 /* LoginView.swift */; settings = {ASSET_TAGS = (); }; };
		FA5A47751BAC23B900B9E2A2 /* LoginView.xib in Resources */ = {isa = PBXBuildFile; fileRef = FA5A470E1BAC23B900B9E2A2 /* LoginView.xib */; settings = {ASSET_TAGS = (); }; };
		FA5A47761BAC23B900B9E2A2 /* test.html in Resources */ = {isa = PBXBuildFile; fileRef = FA5A470F1BAC23B900B9E2A2 /* test.html */; settings = {ASSET_TAGS = (); }; };
		FA5A47771BAC23B900B9E2A2 /* test.js in Resources */ = {isa = PBXBuildFile; fileRef = FA5A47101BAC23B900B9E2A2 /* test.js */; settings = {ASSET_TAGS = (); }; };
		FA5A47781BAC23B900B9E2A2 /* DDXMLElementAdditions.m in Sources */ = {isa = PBXBuildFile; fileRef = FA5A47151BAC23B900B9E2A2 /* DDXMLElementAdditions.m */; settings = {ASSET_TAGS = (); }; };
		FA5A47791BAC23B900B9E2A2 /* NSString+DDXML.m in Sources */ = {isa = PBXBuildFile; fileRef = FA5A47181BAC23B900B9E2A2 /* NSString+DDXML.m */; settings = {ASSET_TAGS = (); }; };
		FA5A477A1BAC23B900B9E2A2 /* DDXMLDocument.m in Sources */ = {isa = PBXBuildFile; fileRef = FA5A471B1BAC23B900B9E2A2 /* DDXMLDocument.m */; settings = {ASSET_TAGS = (); }; };
		FA5A477B1BAC23B900B9E2A2 /* DDXMLElement.m in Sources */ = {isa = PBXBuildFile; fileRef = FA5A471D1BAC23B900B9E2A2 /* DDXMLElement.m */; settings = {ASSET_TAGS = (); }; };
		FA5A477C1BAC23B900B9E2A2 /* DDXMLNode.m in Sources */ = {isa = PBXBuildFile; fileRef = FA5A471F1BAC23B900B9E2A2 /* DDXMLNode.m */; settings = {ASSET_TAGS = (); }; };
		FA5A477D1BAC23B900B9E2A2 /* libMobClickLibrary.a in Frameworks */ = {isa = PBXBuildFile; fileRef = FA5A47231BAC23B900B9E2A2 /* libMobClickLibrary.a */; settings = {ASSET_TAGS = (); }; };
		FA94724C1BB29F35004EAEDF /* UMAnalyticsManager.swift in Sources */ = {isa = PBXBuildFile; fileRef = FA94724B1BB29F35004EAEDF /* UMAnalyticsManager.swift */; settings = {ASSET_TAGS = (); }; };
		FA94725A1BB2AE63004EAEDF /* UMSocialManager.swift in Sources */ = {isa = PBXBuildFile; fileRef = FA9472591BB2AE63004EAEDF /* UMSocialManager.swift */; settings = {ASSET_TAGS = (); }; };
		FA94725C1BB2AF95004EAEDF /* libsqlite3.tbd in Frameworks */ = {isa = PBXBuildFile; fileRef = FA94725B1BB2AF95004EAEDF /* libsqlite3.tbd */; };
		FA94725E1BB2AFB7004EAEDF /* libc++.tbd in Frameworks */ = {isa = PBXBuildFile; fileRef = FA94725D1BB2AFB7004EAEDF /* libc++.tbd */; };
		FA9472621BB3D41F004EAEDF /* SystemConfiguration.framework in Frameworks */ = {isa = PBXBuildFile; fileRef = FA9472611BB3D41F004EAEDF /* SystemConfiguration.framework */; };
		FA9472641BB3D725004EAEDF /* Appdelegate+UMSocialManager.swift in Sources */ = {isa = PBXBuildFile; fileRef = FA9472631BB3D725004EAEDF /* Appdelegate+UMSocialManager.swift */; settings = {ASSET_TAGS = (); }; };
		FA9472A31BB3E5AD004EAEDF /* UMSocialLocalizable.strings in Resources */ = {isa = PBXBuildFile; fileRef = FA9472661BB3E5AD004EAEDF /* UMSocialLocalizable.strings */; settings = {ASSET_TAGS = (); }; };
		FA9472A41BB3E5AD004EAEDF /* libUMSocial_Sdk_4.2.3.a in Frameworks */ = {isa = PBXBuildFile; fileRef = FA9472741BB3E5AD004EAEDF /* libUMSocial_Sdk_4.2.3.a */; settings = {ASSET_TAGS = (); }; };
		FA9472A51BB3E5AD004EAEDF /* UMSCommentDetailController.xib in Resources */ = {isa = PBXBuildFile; fileRef = FA9472761BB3E5AD004EAEDF /* UMSCommentDetailController.xib */; settings = {ASSET_TAGS = (); }; };
		FA9472A61BB3E5AD004EAEDF /* UMSCommentInputController.xib in Resources */ = {isa = PBXBuildFile; fileRef = FA9472771BB3E5AD004EAEDF /* UMSCommentInputController.xib */; settings = {ASSET_TAGS = (); }; };
		FA9472A71BB3E5AD004EAEDF /* UMSCommentInputControlleriPad.xib in Resources */ = {isa = PBXBuildFile; fileRef = FA9472781BB3E5AD004EAEDF /* UMSCommentInputControlleriPad.xib */; settings = {ASSET_TAGS = (); }; };
		FA9472A81BB3E5AD004EAEDF /* UMShareEditViewController.xib in Resources */ = {isa = PBXBuildFile; fileRef = FA9472791BB3E5AD004EAEDF /* UMShareEditViewController.xib */; settings = {ASSET_TAGS = (); }; };
		FA9472A91BB3E5AD004EAEDF /* UMShareEditViewControlleriPad.xib in Resources */ = {isa = PBXBuildFile; fileRef = FA94727A1BB3E5AD004EAEDF /* UMShareEditViewControlleriPad.xib */; settings = {ASSET_TAGS = (); }; };
		FA9472AA1BB3E5AD004EAEDF /* UMSLoginViewController.xib in Resources */ = {isa = PBXBuildFile; fileRef = FA94727B1BB3E5AD004EAEDF /* UMSLoginViewController.xib */; settings = {ASSET_TAGS = (); }; };
		FA9472AB1BB3E5AD004EAEDF /* UMSnsAccountViewController.xib in Resources */ = {isa = PBXBuildFile; fileRef = FA94727C1BB3E5AD004EAEDF /* UMSnsAccountViewController.xib */; settings = {ASSET_TAGS = (); }; };
		FA9472AC1BB3E5AD004EAEDF /* UMSShareListController.xib in Resources */ = {isa = PBXBuildFile; fileRef = FA94727D1BB3E5AD004EAEDF /* UMSShareListController.xib */; settings = {ASSET_TAGS = (); }; };
		FA9472AD1BB3E5AD004EAEDF /* UMSocialSDKResourcesNew.bundle in Resources */ = {isa = PBXBuildFile; fileRef = FA94727E1BB3E5AD004EAEDF /* UMSocialSDKResourcesNew.bundle */; settings = {ASSET_TAGS = (); }; };
		FA9472AE1BB3E5AD004EAEDF /* libSocialLine.a in Frameworks */ = {isa = PBXBuildFile; fileRef = FA9472821BB3E5AD004EAEDF /* libSocialLine.a */; settings = {ASSET_TAGS = (); }; };
		FA9472AF1BB3E5AD004EAEDF /* libSocialSinaSSO.a in Frameworks */ = {isa = PBXBuildFile; fileRef = FA9472851BB3E5AD004EAEDF /* libSocialSinaSSO.a */; settings = {ASSET_TAGS = (); }; };
		FA9472B01BB3E5AD004EAEDF /* libWeiboSDK.a in Frameworks */ = {isa = PBXBuildFile; fileRef = FA9472861BB3E5AD004EAEDF /* libWeiboSDK.a */; settings = {ASSET_TAGS = (); }; };
		FA9472B11BB3E5AD004EAEDF /* WeiboSDK.bundle in Resources */ = {isa = PBXBuildFile; fileRef = FA94728F1BB3E5AD004EAEDF /* WeiboSDK.bundle */; settings = {ASSET_TAGS = (); }; };
		FA9472B21BB3E5AD004EAEDF /* libSocialQQ.a in Frameworks */ = {isa = PBXBuildFile; fileRef = FA9472931BB3E5AD004EAEDF /* libSocialQQ.a */; settings = {ASSET_TAGS = (); }; };
		FA9472B31BB3E5AD004EAEDF /* TencentOpenAPI.framework in Frameworks */ = {isa = PBXBuildFile; fileRef = FA9472941BB3E5AD004EAEDF /* TencentOpenAPI.framework */; settings = {ASSET_TAGS = (); }; };
		FA9472B41BB3E5AD004EAEDF /* TencentOpenApi_IOS_Bundle.bundle in Resources */ = {isa = PBXBuildFile; fileRef = FA9472951BB3E5AD004EAEDF /* TencentOpenApi_IOS_Bundle.bundle */; settings = {ASSET_TAGS = (); }; };
		FA9472B51BB3E5AD004EAEDF /* libSocialTwitter.a in Frameworks */ = {isa = PBXBuildFile; fileRef = FA9472981BB3E5AD004EAEDF /* libSocialTwitter.a */; settings = {ASSET_TAGS = (); }; };
		FA9472B61BB3E5AD004EAEDF /* libSocialWechat.a in Frameworks */ = {isa = PBXBuildFile; fileRef = FA94729B1BB3E5AD004EAEDF /* libSocialWechat.a */; settings = {ASSET_TAGS = (); }; };
		FA9472B71BB3E5AD004EAEDF /* libWeChatSDK.a in Frameworks */ = {isa = PBXBuildFile; fileRef = FA94729C1BB3E5AD004EAEDF /* libWeChatSDK.a */; settings = {ASSET_TAGS = (); }; };
		FA9472B81BB3E5AD004EAEDF /* libSocialWhatsapp.a in Frameworks */ = {isa = PBXBuildFile; fileRef = FA9472A11BB3E5AD004EAEDF /* libSocialWhatsapp.a */; settings = {ASSET_TAGS = (); }; };
		FAABB0D11BAFA78300D68F16 /* libz.tbd in Frameworks */ = {isa = PBXBuildFile; fileRef = FAABB0CF1BAC268D00D68F16 /* libz.tbd */; };
		FAABB0D21BAFA78C00D68F16 /* libxml2.2.tbd in Frameworks */ = {isa = PBXBuildFile; fileRef = FAABB0CD1BAC268200D68F16 /* libxml2.2.tbd */; };
/* End PBXBuildFile section */

/* Begin PBXContainerItemProxy section */
		FA5A46C51BAC238100B9E2A2 /* PBXContainerItemProxy */ = {
			isa = PBXContainerItemProxy;
			containerPortal = FA5A46A51BAC238000B9E2A2 /* Project object */;
			proxyType = 1;
			remoteGlobalIDString = FA5A46AC1BAC238000B9E2A2;
			remoteInfo = Autumn;
		};
		FA5A46D01BAC238100B9E2A2 /* PBXContainerItemProxy */ = {
			isa = PBXContainerItemProxy;
			containerPortal = FA5A46A51BAC238000B9E2A2 /* Project object */;
			proxyType = 1;
			remoteGlobalIDString = FA5A46AC1BAC238000B9E2A2;
			remoteInfo = Autumn;
		};
/* End PBXContainerItemProxy section */

/* Begin PBXFileReference section */
		771C86FCF1950E0E9AF2E2C2 /* Pods.release.xcconfig */ = {isa = PBXFileReference; includeInIndex = 1; lastKnownFileType = text.xcconfig; name = Pods.release.xcconfig; path = "Pods/Target Support Files/Pods/Pods.release.xcconfig"; sourceTree = "<group>"; };
		7D0E95DC38D53B539C7BE0C9 /* Pods.debug.xcconfig */ = {isa = PBXFileReference; includeInIndex = 1; lastKnownFileType = text.xcconfig; name = Pods.debug.xcconfig; path = "Pods/Target Support Files/Pods/Pods.debug.xcconfig"; sourceTree = "<group>"; };
		81D54CBE5C0F6BD46B143590 /* Pods.framework */ = {isa = PBXFileReference; explicitFileType = wrapper.framework; includeInIndex = 0; path = Pods.framework; sourceTree = BUILT_PRODUCTS_DIR; };
		FA5A46AD1BAC238000B9E2A2 /* Autumn.app */ = {isa = PBXFileReference; explicitFileType = wrapper.application; includeInIndex = 0; path = Autumn.app; sourceTree = BUILT_PRODUCTS_DIR; };
		FA5A46B01BAC238000B9E2A2 /* AppDelegate.swift */ = {isa = PBXFileReference; lastKnownFileType = sourcecode.swift; path = AppDelegate.swift; sourceTree = "<group>"; };
		FA5A46B21BAC238000B9E2A2 /* ViewController.swift */ = {isa = PBXFileReference; lastKnownFileType = sourcecode.swift; path = ViewController.swift; sourceTree = "<group>"; };
		FA5A46B51BAC238000B9E2A2 /* Base */ = {isa = PBXFileReference; lastKnownFileType = file.storyboard; name = Base; path = Base.lproj/Main.storyboard; sourceTree = "<group>"; };
		FA5A46B81BAC238000B9E2A2 /* Autumn.xcdatamodel */ = {isa = PBXFileReference; lastKnownFileType = wrapper.xcdatamodel; path = Autumn.xcdatamodel; sourceTree = "<group>"; };
		FA5A46BA1BAC238100B9E2A2 /* Assets.xcassets */ = {isa = PBXFileReference; lastKnownFileType = folder.assetcatalog; path = Assets.xcassets; sourceTree = "<group>"; };
		FA5A46BD1BAC238100B9E2A2 /* Base */ = {isa = PBXFileReference; lastKnownFileType = file.storyboard; name = Base; path = Base.lproj/LaunchScreen.storyboard; sourceTree = "<group>"; };
		FA5A46BF1BAC238100B9E2A2 /* Info.plist */ = {isa = PBXFileReference; lastKnownFileType = text.plist.xml; path = Info.plist; sourceTree = "<group>"; };
		FA5A46C41BAC238100B9E2A2 /* AutumnTests.xctest */ = {isa = PBXFileReference; explicitFileType = wrapper.cfbundle; includeInIndex = 0; path = AutumnTests.xctest; sourceTree = BUILT_PRODUCTS_DIR; };
		FA5A46C81BAC238100B9E2A2 /* AutumnTests.swift */ = {isa = PBXFileReference; lastKnownFileType = sourcecode.swift; path = AutumnTests.swift; sourceTree = "<group>"; };
		FA5A46CA1BAC238100B9E2A2 /* Info.plist */ = {isa = PBXFileReference; lastKnownFileType = text.plist.xml; path = Info.plist; sourceTree = "<group>"; };
		FA5A46CF1BAC238100B9E2A2 /* AutumnUITests.xctest */ = {isa = PBXFileReference; explicitFileType = wrapper.cfbundle; includeInIndex = 0; path = AutumnUITests.xctest; sourceTree = BUILT_PRODUCTS_DIR; };
		FA5A46D31BAC238100B9E2A2 /* AutumnUITests.swift */ = {isa = PBXFileReference; lastKnownFileType = sourcecode.swift; path = AutumnUITests.swift; sourceTree = "<group>"; };
		FA5A46D51BAC238100B9E2A2 /* Info.plist */ = {isa = PBXFileReference; lastKnownFileType = text.plist.xml; path = Info.plist; sourceTree = "<group>"; };
		FA5A46E31BAC23B900B9E2A2 /* Int+Tools.swift */ = {isa = PBXFileReference; fileEncoding = 4; lastKnownFileType = sourcecode.swift; path = "Int+Tools.swift"; sourceTree = "<group>"; };
		FA5A46E41BAC23B900B9E2A2 /* NSData+Tools.swift */ = {isa = PBXFileReference; fileEncoding = 4; lastKnownFileType = sourcecode.swift; path = "NSData+Tools.swift"; sourceTree = "<group>"; };
		FA5A46E51BAC23B900B9E2A2 /* NSMutableData+Tools.swift */ = {isa = PBXFileReference; fileEncoding = 4; lastKnownFileType = sourcecode.swift; path = "NSMutableData+Tools.swift"; sourceTree = "<group>"; };
		FA5A46E61BAC23B900B9E2A2 /* NSObject+Tools.swift */ = {isa = PBXFileReference; fileEncoding = 4; lastKnownFileType = sourcecode.swift; path = "NSObject+Tools.swift"; sourceTree = "<group>"; };
		FA5A46E71BAC23B900B9E2A2 /* String+Tools.swift */ = {isa = PBXFileReference; fileEncoding = 4; lastKnownFileType = sourcecode.swift; path = "String+Tools.swift"; sourceTree = "<group>"; };
		FA5A46E81BAC23B900B9E2A2 /* UIColor+Tools.swift */ = {isa = PBXFileReference; fileEncoding = 4; lastKnownFileType = sourcecode.swift; path = "UIColor+Tools.swift"; sourceTree = "<group>"; };
		FA5A46E91BAC23B900B9E2A2 /* UIImageView+Tools.swift */ = {isa = PBXFileReference; fileEncoding = 4; lastKnownFileType = sourcecode.swift; path = "UIImageView+Tools.swift"; sourceTree = "<group>"; };
		FA5A46EA1BAC23B900B9E2A2 /* UIVIew+Tools.swift */ = {isa = PBXFileReference; fileEncoding = 4; lastKnownFileType = sourcecode.swift; path = "UIVIew+Tools.swift"; sourceTree = "<group>"; };
		FA5A46EB1BAC23B900B9E2A2 /* UIWebView+Tools.swift */ = {isa = PBXFileReference; fileEncoding = 4; lastKnownFileType = sourcecode.swift; path = "UIWebView+Tools.swift"; sourceTree = "<group>"; };
		FA5A46ED1BAC23B900B9E2A2 /* GCDManager.swift */ = {isa = PBXFileReference; fileEncoding = 4; lastKnownFileType = sourcecode.swift; path = GCDManager.swift; sourceTree = "<group>"; };
		FA5A46EE1BAC23B900B9E2A2 /* JavaScriptManager.swift */ = {isa = PBXFileReference; fileEncoding = 4; lastKnownFileType = sourcecode.swift; path = JavaScriptManager.swift; sourceTree = "<group>"; };
		FA5A46EF1BAC23B900B9E2A2 /* NetManager.swift */ = {isa = PBXFileReference; fileEncoding = 4; lastKnownFileType = sourcecode.swift; path = NetManager.swift; sourceTree = "<group>"; };
		FA5A46F01BAC23B900B9E2A2 /* NotificationManager.swift */ = {isa = PBXFileReference; fileEncoding = 4; lastKnownFileType = sourcecode.swift; path = NotificationManager.swift; sourceTree = "<group>"; };
		FA5A46F11BAC23B900B9E2A2 /* QiniuManager.swift */ = {isa = PBXFileReference; fileEncoding = 4; lastKnownFileType = sourcecode.swift; path = QiniuManager.swift; sourceTree = "<group>"; };
		FA5A46F21BAC23B900B9E2A2 /* summer.playground */ = {isa = PBXFileReference; lastKnownFileType = file.playground; path = summer.playground; sourceTree = "<group>"; };
		FA5A46F41BAC23B900B9E2A2 /* BaseModel.swift */ = {isa = PBXFileReference; fileEncoding = 4; lastKnownFileType = sourcecode.swift; path = BaseModel.swift; sourceTree = "<group>"; };
		FA5A46F51BAC23B900B9E2A2 /* CertificateModel.swift */ = {isa = PBXFileReference; fileEncoding = 4; lastKnownFileType = sourcecode.swift; path = CertificateModel.swift; sourceTree = "<group>"; };
		FA5A46F61BAC23B900B9E2A2 /* FontModel.swift */ = {isa = PBXFileReference; fileEncoding = 4; lastKnownFileType = sourcecode.swift; path = FontModel.swift; sourceTree = "<group>"; };
		FA5A46F71BAC23B900B9E2A2 /* ShareData.swift */ = {isa = PBXFileReference; fileEncoding = 4; lastKnownFileType = sourcecode.swift; path = ShareData.swift; sourceTree = "<group>"; };
		FA5A46F81BAC23B900B9E2A2 /* ShareModel.swift */ = {isa = PBXFileReference; fileEncoding = 4; lastKnownFileType = sourcecode.swift; path = ShareModel.swift; sourceTree = "<group>"; };
		FA5A46FB1BAC23B900B9E2A2 /* AlbumViewController.swift */ = {isa = PBXFileReference; fileEncoding = 4; lastKnownFileType = sourcecode.swift; path = AlbumViewController.swift; sourceTree = "<group>"; };
		FA5A46FC1BAC23B900B9E2A2 /* BaseNaviViewController.swift */ = {isa = PBXFileReference; fileEncoding = 4; lastKnownFileType = sourcecode.swift; path = BaseNaviViewController.swift; sourceTree = "<group>"; };
		FA5A46FD1BAC23B900B9E2A2 /* BaseViewController.swift */ = {isa = PBXFileReference; fileEncoding = 4; lastKnownFileType = sourcecode.swift; path = BaseViewController.swift; sourceTree = "<group>"; };
		FA5A47001BAC23B900B9E2A2 /* MyViewController.swift */ = {isa = PBXFileReference; fileEncoding = 4; lastKnownFileType = sourcecode.swift; path = MyViewController.swift; sourceTree = "<group>"; };
		FA5A47021BAC23B900B9E2A2 /* QRCodeReader.swift */ = {isa = PBXFileReference; fileEncoding = 4; lastKnownFileType = sourcecode.swift; path = QRCodeReader.swift; sourceTree = "<group>"; };
		FA5A47031BAC23B900B9E2A2 /* QRCodeViewController.swift */ = {isa = PBXFileReference; fileEncoding = 4; lastKnownFileType = sourcecode.swift; path = QRCodeViewController.swift; sourceTree = "<group>"; };
		FA5A47041BAC23B900B9E2A2 /* ReaderOverlayView.swift */ = {isa = PBXFileReference; fileEncoding = 4; lastKnownFileType = sourcecode.swift; path = ReaderOverlayView.swift; sourceTree = "<group>"; };
		FA5A47051BAC23B900B9E2A2 /* SwitchCameraButton.swift */ = {isa = PBXFileReference; fileEncoding = 4; lastKnownFileType = sourcecode.swift; path = SwitchCameraButton.swift; sourceTree = "<group>"; };
		FA5A47061BAC23B900B9E2A2 /* Summer.storyboard */ = {isa = PBXFileReference; fileEncoding = 4; lastKnownFileType = file.storyboard; path = Summer.storyboard; sourceTree = "<group>"; };
		FA5A47081BAC23B900B9E2A2 /* AlbumImageCell.swift */ = {isa = PBXFileReference; fileEncoding = 4; lastKnownFileType = sourcecode.swift; path = AlbumImageCell.swift; sourceTree = "<group>"; };
		FA5A47091BAC23B900B9E2A2 /* AlbumImageCell.xib */ = {isa = PBXFileReference; fileEncoding = 4; lastKnownFileType = file.xib; path = AlbumImageCell.xib; sourceTree = "<group>"; };
		FA5A470A1BAC23B900B9E2A2 /* AlbumView.swift */ = {isa = PBXFileReference; fileEncoding = 4; lastKnownFileType = sourcecode.swift; path = AlbumView.swift; sourceTree = "<group>"; };
		FA5A470B1BAC23B900B9E2A2 /* HTTPDebugView.swift */ = {isa = PBXFileReference; fileEncoding = 4; lastKnownFileType = sourcecode.swift; path = HTTPDebugView.swift; sourceTree = "<group>"; };
		FA5A470C1BAC23B900B9E2A2 /* HTTPDebugView.xib */ = {isa = PBXFileReference; fileEncoding = 4; lastKnownFileType = file.xib; path = HTTPDebugView.xib; sourceTree = "<group>"; };
		FA5A470D1BAC23B900B9E2A2 /* LoginView.swift */ = {isa = PBXFileReference; fileEncoding = 4; lastKnownFileType = sourcecode.swift; path = LoginView.swift; sourceTree = "<group>"; };
		FA5A470E1BAC23B900B9E2A2 /* LoginView.xib */ = {isa = PBXFileReference; fileEncoding = 4; lastKnownFileType = file.xib; path = LoginView.xib; sourceTree = "<group>"; };
		FA5A470F1BAC23B900B9E2A2 /* test.html */ = {isa = PBXFileReference; fileEncoding = 4; lastKnownFileType = text.html; path = test.html; sourceTree = "<group>"; };
		FA5A47101BAC23B900B9E2A2 /* test.js */ = {isa = PBXFileReference; fileEncoding = 4; lastKnownFileType = sourcecode.javascript; path = test.js; sourceTree = "<group>"; };
		FA5A47141BAC23B900B9E2A2 /* DDXMLElementAdditions.h */ = {isa = PBXFileReference; fileEncoding = 4; lastKnownFileType = sourcecode.c.h; path = DDXMLElementAdditions.h; sourceTree = "<group>"; };
		FA5A47151BAC23B900B9E2A2 /* DDXMLElementAdditions.m */ = {isa = PBXFileReference; fileEncoding = 4; lastKnownFileType = sourcecode.c.objc; path = DDXMLElementAdditions.m; sourceTree = "<group>"; };
		FA5A47171BAC23B900B9E2A2 /* NSString+DDXML.h */ = {isa = PBXFileReference; fileEncoding = 4; lastKnownFileType = sourcecode.c.h; path = "NSString+DDXML.h"; sourceTree = "<group>"; };
		FA5A47181BAC23B900B9E2A2 /* NSString+DDXML.m */ = {isa = PBXFileReference; fileEncoding = 4; lastKnownFileType = sourcecode.c.objc; path = "NSString+DDXML.m"; sourceTree = "<group>"; };
		FA5A47191BAC23B900B9E2A2 /* DDXML.h */ = {isa = PBXFileReference; fileEncoding = 4; lastKnownFileType = sourcecode.c.h; path = DDXML.h; sourceTree = "<group>"; };
		FA5A471A1BAC23B900B9E2A2 /* DDXMLDocument.h */ = {isa = PBXFileReference; fileEncoding = 4; lastKnownFileType = sourcecode.c.h; path = DDXMLDocument.h; sourceTree = "<group>"; };
		FA5A471B1BAC23B900B9E2A2 /* DDXMLDocument.m */ = {isa = PBXFileReference; fileEncoding = 4; lastKnownFileType = sourcecode.c.objc; path = DDXMLDocument.m; sourceTree = "<group>"; };
		FA5A471C1BAC23B900B9E2A2 /* DDXMLElement.h */ = {isa = PBXFileReference; fileEncoding = 4; lastKnownFileType = sourcecode.c.h; path = DDXMLElement.h; sourceTree = "<group>"; };
		FA5A471D1BAC23B900B9E2A2 /* DDXMLElement.m */ = {isa = PBXFileReference; fileEncoding = 4; lastKnownFileType = sourcecode.c.objc; path = DDXMLElement.m; sourceTree = "<group>"; };
		FA5A471E1BAC23B900B9E2A2 /* DDXMLNode.h */ = {isa = PBXFileReference; fileEncoding = 4; lastKnownFileType = sourcecode.c.h; path = DDXMLNode.h; sourceTree = "<group>"; };
		FA5A471F1BAC23B900B9E2A2 /* DDXMLNode.m */ = {isa = PBXFileReference; fileEncoding = 4; lastKnownFileType = sourcecode.c.objc; path = DDXMLNode.m; sourceTree = "<group>"; };
		FA5A47211BAC23B900B9E2A2 /* DDXMLPrivate.h */ = {isa = PBXFileReference; fileEncoding = 4; lastKnownFileType = sourcecode.c.h; path = DDXMLPrivate.h; sourceTree = "<group>"; };
		FA5A47231BAC23B900B9E2A2 /* libMobClickLibrary.a */ = {isa = PBXFileReference; lastKnownFileType = archive.ar; path = libMobClickLibrary.a; sourceTree = "<group>"; };
		FA5A47241BAC23B900B9E2A2 /* MobClick.h */ = {isa = PBXFileReference; fileEncoding = 4; lastKnownFileType = sourcecode.c.h; path = MobClick.h; sourceTree = "<group>"; };
		FA5A47251BAC23B900B9E2A2 /* MobClickSocialAnalytics.h */ = {isa = PBXFileReference; fileEncoding = 4; lastKnownFileType = sourcecode.c.h; path = MobClickSocialAnalytics.h; sourceTree = "<group>"; };
		FA94724B1BB29F35004EAEDF /* UMAnalyticsManager.swift */ = {isa = PBXFileReference; fileEncoding = 4; lastKnownFileType = sourcecode.swift; path = UMAnalyticsManager.swift; sourceTree = "<group>"; };
		FA9472591BB2AE63004EAEDF /* UMSocialManager.swift */ = {isa = PBXFileReference; fileEncoding = 4; lastKnownFileType = sourcecode.swift; path = UMSocialManager.swift; sourceTree = "<group>"; };
		FA94725B1BB2AF95004EAEDF /* libsqlite3.tbd */ = {isa = PBXFileReference; lastKnownFileType = "sourcecode.text-based-dylib-definition"; name = libsqlite3.tbd; path = usr/lib/libsqlite3.tbd; sourceTree = SDKROOT; };
		FA94725D1BB2AFB7004EAEDF /* libc++.tbd */ = {isa = PBXFileReference; lastKnownFileType = "sourcecode.text-based-dylib-definition"; name = "libc++.tbd"; path = "usr/lib/libc++.tbd"; sourceTree = SDKROOT; };
		FA9472611BB3D41F004EAEDF /* SystemConfiguration.framework */ = {isa = PBXFileReference; lastKnownFileType = wrapper.framework; name = SystemConfiguration.framework; path = System/Library/Frameworks/SystemConfiguration.framework; sourceTree = SDKROOT; };
		FA9472631BB3D725004EAEDF /* Appdelegate+UMSocialManager.swift */ = {isa = PBXFileReference; fileEncoding = 4; lastKnownFileType = sourcecode.swift; path = "Appdelegate+UMSocialManager.swift"; sourceTree = "<group>"; };
		FA9472671BB3E5AD004EAEDF /* en */ = {isa = PBXFileReference; lastKnownFileType = text.plist.strings; name = en; path = en.lproj/UMSocialLocalizable.strings; sourceTree = "<group>"; };
		FA9472691BB3E5AD004EAEDF /* UMSocial.h */ = {isa = PBXFileReference; fileEncoding = 4; lastKnownFileType = sourcecode.c.h; path = UMSocial.h; sourceTree = "<group>"; };
		FA94726A1BB3E5AD004EAEDF /* UMSocialAccountManager.h */ = {isa = PBXFileReference; fileEncoding = 4; lastKnownFileType = sourcecode.c.h; path = UMSocialAccountManager.h; sourceTree = "<group>"; };
		FA94726B1BB3E5AD004EAEDF /* UMSocialBar.h */ = {isa = PBXFileReference; fileEncoding = 4; lastKnownFileType = sourcecode.c.h; path = UMSocialBar.h; sourceTree = "<group>"; };
		FA94726C1BB3E5AD004EAEDF /* UMSocialConfig.h */ = {isa = PBXFileReference; fileEncoding = 4; lastKnownFileType = sourcecode.c.h; path = UMSocialConfig.h; sourceTree = "<group>"; };
		FA94726D1BB3E5AD004EAEDF /* UMSocialControllerService.h */ = {isa = PBXFileReference; fileEncoding = 4; lastKnownFileType = sourcecode.c.h; path = UMSocialControllerService.h; sourceTree = "<group>"; };
		FA94726E1BB3E5AD004EAEDF /* UMSocialControllerServiceComment.h */ = {isa = PBXFileReference; fileEncoding = 4; lastKnownFileType = sourcecode.c.h; path = UMSocialControllerServiceComment.h; sourceTree = "<group>"; };
		FA94726F1BB3E5AD004EAEDF /* UMSocialData.h */ = {isa = PBXFileReference; fileEncoding = 4; lastKnownFileType = sourcecode.c.h; path = UMSocialData.h; sourceTree = "<group>"; };
		FA9472701BB3E5AD004EAEDF /* UMSocialDataService.h */ = {isa = PBXFileReference; fileEncoding = 4; lastKnownFileType = sourcecode.c.h; path = UMSocialDataService.h; sourceTree = "<group>"; };
		FA9472711BB3E5AD004EAEDF /* UMSocialSnsData.h */ = {isa = PBXFileReference; fileEncoding = 4; lastKnownFileType = sourcecode.c.h; path = UMSocialSnsData.h; sourceTree = "<group>"; };
		FA9472721BB3E5AD004EAEDF /* UMSocialSnsPlatformManager.h */ = {isa = PBXFileReference; fileEncoding = 4; lastKnownFileType = sourcecode.c.h; path = UMSocialSnsPlatformManager.h; sourceTree = "<group>"; };
		FA9472731BB3E5AD004EAEDF /* UMSocialSnsService.h */ = {isa = PBXFileReference; fileEncoding = 4; lastKnownFileType = sourcecode.c.h; path = UMSocialSnsService.h; sourceTree = "<group>"; };
		FA9472741BB3E5AD004EAEDF /* libUMSocial_Sdk_4.2.3.a */ = {isa = PBXFileReference; lastKnownFileType = archive.ar; path = libUMSocial_Sdk_4.2.3.a; sourceTree = "<group>"; };
		FA9472761BB3E5AD004EAEDF /* UMSCommentDetailController.xib */ = {isa = PBXFileReference; fileEncoding = 4; lastKnownFileType = file.xib; path = UMSCommentDetailController.xib; sourceTree = "<group>"; };
		FA9472771BB3E5AD004EAEDF /* UMSCommentInputController.xib */ = {isa = PBXFileReference; fileEncoding = 4; lastKnownFileType = file.xib; path = UMSCommentInputController.xib; sourceTree = "<group>"; };
		FA9472781BB3E5AD004EAEDF /* UMSCommentInputControlleriPad.xib */ = {isa = PBXFileReference; fileEncoding = 4; lastKnownFileType = file.xib; path = UMSCommentInputControlleriPad.xib; sourceTree = "<group>"; };
		FA9472791BB3E5AD004EAEDF /* UMShareEditViewController.xib */ = {isa = PBXFileReference; fileEncoding = 4; lastKnownFileType = file.xib; path = UMShareEditViewController.xib; sourceTree = "<group>"; };
		FA94727A1BB3E5AD004EAEDF /* UMShareEditViewControlleriPad.xib */ = {isa = PBXFileReference; fileEncoding = 4; lastKnownFileType = file.xib; path = UMShareEditViewControlleriPad.xib; sourceTree = "<group>"; };
		FA94727B1BB3E5AD004EAEDF /* UMSLoginViewController.xib */ = {isa = PBXFileReference; fileEncoding = 4; lastKnownFileType = file.xib; path = UMSLoginViewController.xib; sourceTree = "<group>"; };
		FA94727C1BB3E5AD004EAEDF /* UMSnsAccountViewController.xib */ = {isa = PBXFileReference; fileEncoding = 4; lastKnownFileType = file.xib; path = UMSnsAccountViewController.xib; sourceTree = "<group>"; };
		FA94727D1BB3E5AD004EAEDF /* UMSShareListController.xib */ = {isa = PBXFileReference; fileEncoding = 4; lastKnownFileType = file.xib; path = UMSShareListController.xib; sourceTree = "<group>"; };
		FA94727E1BB3E5AD004EAEDF /* UMSocialSDKResourcesNew.bundle */ = {isa = PBXFileReference; lastKnownFileType = "wrapper.plug-in"; path = UMSocialSDKResourcesNew.bundle; sourceTree = "<group>"; };
		FA94727F1BB3E5AD004EAEDF /* zh-Hans */ = {isa = PBXFileReference; lastKnownFileType = text.plist.strings; name = "zh-Hans"; path = "zh-Hans.lproj/UMSocialLocalizable.strings"; sourceTree = "<group>"; };
		FA9472821BB3E5AD004EAEDF /* libSocialLine.a */ = {isa = PBXFileReference; lastKnownFileType = archive.ar; path = libSocialLine.a; sourceTree = "<group>"; };
		FA9472831BB3E5AD004EAEDF /* UMSocialLineHandler.h */ = {isa = PBXFileReference; fileEncoding = 4; lastKnownFileType = sourcecode.c.h; path = UMSocialLineHandler.h; sourceTree = "<group>"; };
		FA9472851BB3E5AD004EAEDF /* libSocialSinaSSO.a */ = {isa = PBXFileReference; lastKnownFileType = archive.ar; path = libSocialSinaSSO.a; sourceTree = "<group>"; };
		FA9472861BB3E5AD004EAEDF /* libWeiboSDK.a */ = {isa = PBXFileReference; lastKnownFileType = archive.ar; path = libWeiboSDK.a; sourceTree = "<group>"; };
		FA9472871BB3E5AD004EAEDF /* UMSocialSinaSSOHandler.h */ = {isa = PBXFileReference; fileEncoding = 4; lastKnownFileType = sourcecode.c.h; path = UMSocialSinaSSOHandler.h; sourceTree = "<group>"; };
		FA9472881BB3E5AD004EAEDF /* WBHttpRequest+WeiboShare.h */ = {isa = PBXFileReference; fileEncoding = 4; lastKnownFileType = sourcecode.c.h; path = "WBHttpRequest+WeiboShare.h"; sourceTree = "<group>"; };
		FA9472891BB3E5AD004EAEDF /* WBHttpRequest+WeiboToken.h */ = {isa = PBXFileReference; fileEncoding = 4; lastKnownFileType = sourcecode.c.h; path = "WBHttpRequest+WeiboToken.h"; sourceTree = "<group>"; };
		FA94728A1BB3E5AD004EAEDF /* WBHttpRequest+WeiboUser.h */ = {isa = PBXFileReference; fileEncoding = 4; lastKnownFileType = sourcecode.c.h; path = "WBHttpRequest+WeiboUser.h"; sourceTree = "<group>"; };
		FA94728B1BB3E5AD004EAEDF /* WBHttpRequest.h */ = {isa = PBXFileReference; fileEncoding = 4; lastKnownFileType = sourcecode.c.h; path = WBHttpRequest.h; sourceTree = "<group>"; };
		FA94728C1BB3E5AD004EAEDF /* WBSDKBasicButton.h */ = {isa = PBXFileReference; fileEncoding = 4; lastKnownFileType = sourcecode.c.h; path = WBSDKBasicButton.h; sourceTree = "<group>"; };
		FA94728D1BB3E5AD004EAEDF /* WBSDKCommentButton.h */ = {isa = PBXFileReference; fileEncoding = 4; lastKnownFileType = sourcecode.c.h; path = WBSDKCommentButton.h; sourceTree = "<group>"; };
		FA94728E1BB3E5AD004EAEDF /* WBSDKRelationshipButton.h */ = {isa = PBXFileReference; fileEncoding = 4; lastKnownFileType = sourcecode.c.h; path = WBSDKRelationshipButton.h; sourceTree = "<group>"; };
		FA94728F1BB3E5AD004EAEDF /* WeiboSDK.bundle */ = {isa = PBXFileReference; lastKnownFileType = "wrapper.plug-in"; path = WeiboSDK.bundle; sourceTree = "<group>"; };
		FA9472901BB3E5AD004EAEDF /* WeiboSDK.h */ = {isa = PBXFileReference; fileEncoding = 4; lastKnownFileType = sourcecode.c.h; path = WeiboSDK.h; sourceTree = "<group>"; };
		FA9472911BB3E5AD004EAEDF /* WeiboUser.h */ = {isa = PBXFileReference; fileEncoding = 4; lastKnownFileType = sourcecode.c.h; path = WeiboUser.h; sourceTree = "<group>"; };
		FA9472931BB3E5AD004EAEDF /* libSocialQQ.a */ = {isa = PBXFileReference; lastKnownFileType = archive.ar; path = libSocialQQ.a; sourceTree = "<group>"; };
		FA9472941BB3E5AD004EAEDF /* TencentOpenAPI.framework */ = {isa = PBXFileReference; lastKnownFileType = wrapper.framework; path = TencentOpenAPI.framework; sourceTree = "<group>"; };
		FA9472951BB3E5AD004EAEDF /* TencentOpenApi_IOS_Bundle.bundle */ = {isa = PBXFileReference; lastKnownFileType = "wrapper.plug-in"; path = TencentOpenApi_IOS_Bundle.bundle; sourceTree = "<group>"; };
		FA9472961BB3E5AD004EAEDF /* UMSocialQQHandler.h */ = {isa = PBXFileReference; fileEncoding = 4; lastKnownFileType = sourcecode.c.h; path = UMSocialQQHandler.h; sourceTree = "<group>"; };
		FA9472981BB3E5AD004EAEDF /* libSocialTwitter.a */ = {isa = PBXFileReference; lastKnownFileType = archive.ar; path = libSocialTwitter.a; sourceTree = "<group>"; };
		FA9472991BB3E5AD004EAEDF /* UMSocialTwitterHandler.h */ = {isa = PBXFileReference; fileEncoding = 4; lastKnownFileType = sourcecode.c.h; path = UMSocialTwitterHandler.h; sourceTree = "<group>"; };
		FA94729B1BB3E5AD004EAEDF /* libSocialWechat.a */ = {isa = PBXFileReference; lastKnownFileType = archive.ar; path = libSocialWechat.a; sourceTree = "<group>"; };
		FA94729C1BB3E5AD004EAEDF /* libWeChatSDK.a */ = {isa = PBXFileReference; lastKnownFileType = archive.ar; path = libWeChatSDK.a; sourceTree = "<group>"; };
		FA94729D1BB3E5AD004EAEDF /* UMSocialWechatHandler.h */ = {isa = PBXFileReference; fileEncoding = 4; lastKnownFileType = sourcecode.c.h; path = UMSocialWechatHandler.h; sourceTree = "<group>"; };
		FA94729E1BB3E5AD004EAEDF /* WXApi.h */ = {isa = PBXFileReference; fileEncoding = 4; lastKnownFileType = sourcecode.c.h; path = WXApi.h; sourceTree = "<group>"; };
		FA94729F1BB3E5AD004EAEDF /* WXApiObject.h */ = {isa = PBXFileReference; fileEncoding = 4; lastKnownFileType = sourcecode.c.h; path = WXApiObject.h; sourceTree = "<group>"; };
		FA9472A11BB3E5AD004EAEDF /* libSocialWhatsapp.a */ = {isa = PBXFileReference; lastKnownFileType = archive.ar; path = libSocialWhatsapp.a; sourceTree = "<group>"; };
		FA9472A21BB3E5AD004EAEDF /* UMSocialWhatsappHandler.h */ = {isa = PBXFileReference; fileEncoding = 4; lastKnownFileType = sourcecode.c.h; path = UMSocialWhatsappHandler.h; sourceTree = "<group>"; };
		FAABB0CC1BAC260D00D68F16 /* Bridging-Header.h */ = {isa = PBXFileReference; fileEncoding = 4; lastKnownFileType = sourcecode.c.h; path = "Bridging-Header.h"; sourceTree = "<group>"; };
		FAABB0CD1BAC268200D68F16 /* libxml2.2.tbd */ = {isa = PBXFileReference; lastKnownFileType = "sourcecode.text-based-dylib-definition"; name = libxml2.2.tbd; path = usr/lib/libxml2.2.tbd; sourceTree = SDKROOT; };
		FAABB0CF1BAC268D00D68F16 /* libz.tbd */ = {isa = PBXFileReference; lastKnownFileType = "sourcecode.text-based-dylib-definition"; name = libz.tbd; path = usr/lib/libz.tbd; sourceTree = SDKROOT; };
/* End PBXFileReference section */

/* Begin PBXFrameworksBuildPhase section */
		FA5A46AA1BAC238000B9E2A2 /* Frameworks */ = {
			isa = PBXFrameworksBuildPhase;
			buildActionMask = 2147483647;
			files = (
				FA9472AE1BB3E5AD004EAEDF /* libSocialLine.a in Frameworks */,
				FA9472B71BB3E5AD004EAEDF /* libWeChatSDK.a in Frameworks */,
				FA9472621BB3D41F004EAEDF /* SystemConfiguration.framework in Frameworks */,
				FA94725E1BB2AFB7004EAEDF /* libc++.tbd in Frameworks */,
				FA9472B81BB3E5AD004EAEDF /* libSocialWhatsapp.a in Frameworks */,
				FA94725C1BB2AF95004EAEDF /* libsqlite3.tbd in Frameworks */,
				FA9472B51BB3E5AD004EAEDF /* libSocialTwitter.a in Frameworks */,
				FA9472A41BB3E5AD004EAEDF /* libUMSocial_Sdk_4.2.3.a in Frameworks */,
				FA9472B31BB3E5AD004EAEDF /* TencentOpenAPI.framework in Frameworks */,
				FAABB0D21BAFA78C00D68F16 /* libxml2.2.tbd in Frameworks */,
				FAABB0D11BAFA78300D68F16 /* libz.tbd in Frameworks */,
				FA9472B01BB3E5AD004EAEDF /* libWeiboSDK.a in Frameworks */,
				FA5A477D1BAC23B900B9E2A2 /* libMobClickLibrary.a in Frameworks */,
				FA9472AF1BB3E5AD004EAEDF /* libSocialSinaSSO.a in Frameworks */,
				4920044C18F801D557FA65B4 /* Pods.framework in Frameworks */,
				FA9472B61BB3E5AD004EAEDF /* libSocialWechat.a in Frameworks */,
				FA9472B21BB3E5AD004EAEDF /* libSocialQQ.a in Frameworks */,
			);
			runOnlyForDeploymentPostprocessing = 0;
		};
		FA5A46C11BAC238100B9E2A2 /* Frameworks */ = {
			isa = PBXFrameworksBuildPhase;
			buildActionMask = 2147483647;
			files = (
			);
			runOnlyForDeploymentPostprocessing = 0;
		};
		FA5A46CC1BAC238100B9E2A2 /* Frameworks */ = {
			isa = PBXFrameworksBuildPhase;
			buildActionMask = 2147483647;
			files = (
			);
			runOnlyForDeploymentPostprocessing = 0;
		};
/* End PBXFrameworksBuildPhase section */

/* Begin PBXGroup section */
		7DCC861BA4BA6E2F99E2C2CE /* Frameworks */ = {
			isa = PBXGroup;
			children = (
				FA9472611BB3D41F004EAEDF /* SystemConfiguration.framework */,
				FA94725D1BB2AFB7004EAEDF /* libc++.tbd */,
				FA94725B1BB2AF95004EAEDF /* libsqlite3.tbd */,
				FAABB0CF1BAC268D00D68F16 /* libz.tbd */,
				FAABB0CD1BAC268200D68F16 /* libxml2.2.tbd */,
				81D54CBE5C0F6BD46B143590 /* Pods.framework */,
			);
			name = Frameworks;
			sourceTree = "<group>";
		};
		DAA1FF37FB44C24457D1DC11 /* Pods */ = {
			isa = PBXGroup;
			children = (
				7D0E95DC38D53B539C7BE0C9 /* Pods.debug.xcconfig */,
				771C86FCF1950E0E9AF2E2C2 /* Pods.release.xcconfig */,
			);
			name = Pods;
			sourceTree = "<group>";
		};
		FA5A46A41BAC238000B9E2A2 = {
			isa = PBXGroup;
			children = (
				FA5A46AF1BAC238000B9E2A2 /* Autumn */,
				FA5A46C71BAC238100B9E2A2 /* AutumnTests */,
				FA5A46D21BAC238100B9E2A2 /* AutumnUITests */,
				FA5A46AE1BAC238000B9E2A2 /* Products */,
				DAA1FF37FB44C24457D1DC11 /* Pods */,
				7DCC861BA4BA6E2F99E2C2CE /* Frameworks */,
			);
			sourceTree = "<group>";
		};
		FA5A46AE1BAC238000B9E2A2 /* Products */ = {
			isa = PBXGroup;
			children = (
				FA5A46AD1BAC238000B9E2A2 /* Autumn.app */,
				FA5A46C41BAC238100B9E2A2 /* AutumnTests.xctest */,
				FA5A46CF1BAC238100B9E2A2 /* AutumnUITests.xctest */,
			);
			name = Products;
			sourceTree = "<group>";
		};
		FA5A46AF1BAC238000B9E2A2 /* Autumn */ = {
			isa = PBXGroup;
			children = (
				FA5A46E11BAC23B900B9E2A2 /* _General */,
				FA5A46F31BAC23B900B9E2A2 /* _Model */,
				FA5A46F91BAC23B900B9E2A2 /* _Sections */,
				FA5A47111BAC23B900B9E2A2 /* _Vendors */,
				FAABB0CC1BAC260D00D68F16 /* Bridging-Header.h */,
				FA5A46B01BAC238000B9E2A2 /* AppDelegate.swift */,
				FA5A46B21BAC238000B9E2A2 /* ViewController.swift */,
				FA5A46B41BAC238000B9E2A2 /* Main.storyboard */,
				FA5A46BA1BAC238100B9E2A2 /* Assets.xcassets */,
				FA5A46BC1BAC238100B9E2A2 /* LaunchScreen.storyboard */,
				FA5A46BF1BAC238100B9E2A2 /* Info.plist */,
				FA5A46B71BAC238000B9E2A2 /* Autumn.xcdatamodeld */,
			);
			path = Autumn;
			sourceTree = "<group>";
		};
		FA5A46C71BAC238100B9E2A2 /* AutumnTests */ = {
			isa = PBXGroup;
			children = (
				FA5A46C81BAC238100B9E2A2 /* AutumnTests.swift */,
				FA5A46CA1BAC238100B9E2A2 /* Info.plist */,
			);
			path = AutumnTests;
			sourceTree = "<group>";
		};
		FA5A46D21BAC238100B9E2A2 /* AutumnUITests */ = {
			isa = PBXGroup;
			children = (
				FA5A46D31BAC238100B9E2A2 /* AutumnUITests.swift */,
				FA5A46D51BAC238100B9E2A2 /* Info.plist */,
			);
			path = AutumnUITests;
			sourceTree = "<group>";
		};
		FA5A46E11BAC23B900B9E2A2 /* _General */ = {
			isa = PBXGroup;
			children = (
				FA5A46E21BAC23B900B9E2A2 /* Extension */,
				FA5A46EC1BAC23B900B9E2A2 /* Helpers */,
				FA5A46F21BAC23B900B9E2A2 /* summer.playground */,
			);
			path = _General;
			sourceTree = "<group>";
		};
		FA5A46E21BAC23B900B9E2A2 /* Extension */ = {
			isa = PBXGroup;
			children = (
				FA5A46E31BAC23B900B9E2A2 /* Int+Tools.swift */,
				FA5A46E41BAC23B900B9E2A2 /* NSData+Tools.swift */,
				FA5A46E51BAC23B900B9E2A2 /* NSMutableData+Tools.swift */,
				FA5A46E61BAC23B900B9E2A2 /* NSObject+Tools.swift */,
				FA5A46E71BAC23B900B9E2A2 /* String+Tools.swift */,
				FA5A46E81BAC23B900B9E2A2 /* UIColor+Tools.swift */,
				FA5A46E91BAC23B900B9E2A2 /* UIImageView+Tools.swift */,
				FA5A46EA1BAC23B900B9E2A2 /* UIVIew+Tools.swift */,
				FA5A46EB1BAC23B900B9E2A2 /* UIWebView+Tools.swift */,
			);
			path = Extension;
			sourceTree = "<group>";
		};
		FA5A46EC1BAC23B900B9E2A2 /* Helpers */ = {
			isa = PBXGroup;
			children = (
				FA5A46ED1BAC23B900B9E2A2 /* GCDManager.swift */,
				FA5A46EE1BAC23B900B9E2A2 /* JavaScriptManager.swift */,
				FA5A46EF1BAC23B900B9E2A2 /* NetManager.swift */,
				FA5A46F01BAC23B900B9E2A2 /* NotificationManager.swift */,
				FA5A46F11BAC23B900B9E2A2 /* QiniuManager.swift */,
				FA94724B1BB29F35004EAEDF /* UMAnalyticsManager.swift */,
				FA9472591BB2AE63004EAEDF /* UMSocialManager.swift */,
				FA9472631BB3D725004EAEDF /* Appdelegate+UMSocialManager.swift */,
			);
			path = Helpers;
			sourceTree = "<group>";
		};
		FA5A46F31BAC23B900B9E2A2 /* _Model */ = {
			isa = PBXGroup;
			children = (
				FA5A46F41BAC23B900B9E2A2 /* BaseModel.swift */,
				FA5A46F51BAC23B900B9E2A2 /* CertificateModel.swift */,
				FA5A46F61BAC23B900B9E2A2 /* FontModel.swift */,
				FA5A46F71BAC23B900B9E2A2 /* ShareData.swift */,
				FA5A46F81BAC23B900B9E2A2 /* ShareModel.swift */,
			);
			path = _Model;
			sourceTree = "<group>";
		};
		FA5A46F91BAC23B900B9E2A2 /* _Sections */ = {
			isa = PBXGroup;
			children = (
				FA5A46FA1BAC23B900B9E2A2 /* Controller */,
				FA5A47061BAC23B900B9E2A2 /* Summer.storyboard */,
				FA5A47071BAC23B900B9E2A2 /* View */,
			);
			path = _Sections;
			sourceTree = "<group>";
		};
		FA5A46FA1BAC23B900B9E2A2 /* Controller */ = {
			isa = PBXGroup;
			children = (
				FA5A46FB1BAC23B900B9E2A2 /* AlbumViewController.swift */,
				FA5A46FC1BAC23B900B9E2A2 /* BaseNaviViewController.swift */,
				FA5A46FD1BAC23B900B9E2A2 /* BaseViewController.swift */,
				FA5A47001BAC23B900B9E2A2 /* MyViewController.swift */,
				FA5A47011BAC23B900B9E2A2 /* QRCodeReader */,
			);
			path = Controller;
			sourceTree = "<group>";
		};
		FA5A47011BAC23B900B9E2A2 /* QRCodeReader */ = {
			isa = PBXGroup;
			children = (
				FA5A47021BAC23B900B9E2A2 /* QRCodeReader.swift */,
				FA5A47031BAC23B900B9E2A2 /* QRCodeViewController.swift */,
				FA5A47041BAC23B900B9E2A2 /* ReaderOverlayView.swift */,
				FA5A47051BAC23B900B9E2A2 /* SwitchCameraButton.swift */,
			);
			path = QRCodeReader;
			sourceTree = "<group>";
		};
		FA5A47071BAC23B900B9E2A2 /* View */ = {
			isa = PBXGroup;
			children = (
				FA5A47081BAC23B900B9E2A2 /* AlbumImageCell.swift */,
				FA5A47091BAC23B900B9E2A2 /* AlbumImageCell.xib */,
				FA5A470A1BAC23B900B9E2A2 /* AlbumView.swift */,
				FA5A470B1BAC23B900B9E2A2 /* HTTPDebugView.swift */,
				FA5A470C1BAC23B900B9E2A2 /* HTTPDebugView.xib */,
				FA5A470D1BAC23B900B9E2A2 /* LoginView.swift */,
				FA5A470E1BAC23B900B9E2A2 /* LoginView.xib */,
				FA5A470F1BAC23B900B9E2A2 /* test.html */,
				FA5A47101BAC23B900B9E2A2 /* test.js */,
			);
			path = View;
			sourceTree = "<group>";
		};
		FA5A47111BAC23B900B9E2A2 /* _Vendors */ = {
			isa = PBXGroup;
			children = (
				FA5A47121BAC23B900B9E2A2 /* KissXML */,
				FA5A47221BAC23B900B9E2A2 /* UMAnalytics_Sdk_3.5.15 */,
				FA9472651BB3E5AD004EAEDF /* UMSocial_Sdk_4.2.3 */,
				FA9472801BB3E5AD004EAEDF /* UMSocial_Sdk_Extra_Frameworks */,
			);
			path = _Vendors;
			sourceTree = "<group>";
		};
		FA5A47121BAC23B900B9E2A2 /* KissXML */ = {
			isa = PBXGroup;
			children = (
				FA5A47131BAC23B900B9E2A2 /* Additions */,
				FA5A47161BAC23B900B9E2A2 /* Categories */,
				FA5A47191BAC23B900B9E2A2 /* DDXML.h */,
				FA5A471A1BAC23B900B9E2A2 /* DDXMLDocument.h */,
				FA5A471B1BAC23B900B9E2A2 /* DDXMLDocument.m */,
				FA5A471C1BAC23B900B9E2A2 /* DDXMLElement.h */,
				FA5A471D1BAC23B900B9E2A2 /* DDXMLElement.m */,
				FA5A471E1BAC23B900B9E2A2 /* DDXMLNode.h */,
				FA5A471F1BAC23B900B9E2A2 /* DDXMLNode.m */,
				FA5A47201BAC23B900B9E2A2 /* Private */,
			);
			path = KissXML;
			sourceTree = "<group>";
		};
		FA5A47131BAC23B900B9E2A2 /* Additions */ = {
			isa = PBXGroup;
			children = (
				FA5A47141BAC23B900B9E2A2 /* DDXMLElementAdditions.h */,
				FA5A47151BAC23B900B9E2A2 /* DDXMLElementAdditions.m */,
			);
			path = Additions;
			sourceTree = "<group>";
		};
		FA5A47161BAC23B900B9E2A2 /* Categories */ = {
			isa = PBXGroup;
			children = (
				FA5A47171BAC23B900B9E2A2 /* NSString+DDXML.h */,
				FA5A47181BAC23B900B9E2A2 /* NSString+DDXML.m */,
			);
			path = Categories;
			sourceTree = "<group>";
		};
		FA5A47201BAC23B900B9E2A2 /* Private */ = {
			isa = PBXGroup;
			children = (
				FA5A47211BAC23B900B9E2A2 /* DDXMLPrivate.h */,
			);
			path = Private;
			sourceTree = "<group>";
		};
		FA5A47221BAC23B900B9E2A2 /* UMAnalytics_Sdk_3.5.15 */ = {
			isa = PBXGroup;
			children = (
				FA5A47231BAC23B900B9E2A2 /* libMobClickLibrary.a */,
				FA5A47241BAC23B900B9E2A2 /* MobClick.h */,
				FA5A47251BAC23B900B9E2A2 /* MobClickSocialAnalytics.h */,
			);
			path = UMAnalytics_Sdk_3.5.15;
			sourceTree = "<group>";
		};
		FA9472651BB3E5AD004EAEDF /* UMSocial_Sdk_4.2.3 */ = {
			isa = PBXGroup;
			children = (
				FA9472661BB3E5AD004EAEDF /* UMSocialLocalizable.strings */,
				FA9472681BB3E5AD004EAEDF /* Header */,
				FA9472741BB3E5AD004EAEDF /* libUMSocial_Sdk_4.2.3.a */,
				FA9472751BB3E5AD004EAEDF /* SocialSDKXib */,
				FA94727E1BB3E5AD004EAEDF /* UMSocialSDKResourcesNew.bundle */,
			);
			path = UMSocial_Sdk_4.2.3;
			sourceTree = "<group>";
		};
		FA9472681BB3E5AD004EAEDF /* Header */ = {
			isa = PBXGroup;
			children = (
				FA9472691BB3E5AD004EAEDF /* UMSocial.h */,
				FA94726A1BB3E5AD004EAEDF /* UMSocialAccountManager.h */,
				FA94726B1BB3E5AD004EAEDF /* UMSocialBar.h */,
				FA94726C1BB3E5AD004EAEDF /* UMSocialConfig.h */,
				FA94726D1BB3E5AD004EAEDF /* UMSocialControllerService.h */,
				FA94726E1BB3E5AD004EAEDF /* UMSocialControllerServiceComment.h */,
				FA94726F1BB3E5AD004EAEDF /* UMSocialData.h */,
				FA9472701BB3E5AD004EAEDF /* UMSocialDataService.h */,
				FA9472711BB3E5AD004EAEDF /* UMSocialSnsData.h */,
				FA9472721BB3E5AD004EAEDF /* UMSocialSnsPlatformManager.h */,
				FA9472731BB3E5AD004EAEDF /* UMSocialSnsService.h */,
			);
			path = Header;
			sourceTree = "<group>";
		};
		FA9472751BB3E5AD004EAEDF /* SocialSDKXib */ = {
			isa = PBXGroup;
			children = (
				FA9472761BB3E5AD004EAEDF /* UMSCommentDetailController.xib */,
				FA9472771BB3E5AD004EAEDF /* UMSCommentInputController.xib */,
				FA9472781BB3E5AD004EAEDF /* UMSCommentInputControlleriPad.xib */,
				FA9472791BB3E5AD004EAEDF /* UMShareEditViewController.xib */,
				FA94727A1BB3E5AD004EAEDF /* UMShareEditViewControlleriPad.xib */,
				FA94727B1BB3E5AD004EAEDF /* UMSLoginViewController.xib */,
				FA94727C1BB3E5AD004EAEDF /* UMSnsAccountViewController.xib */,
				FA94727D1BB3E5AD004EAEDF /* UMSShareListController.xib */,
			);
			path = SocialSDKXib;
			sourceTree = "<group>";
		};
		FA9472801BB3E5AD004EAEDF /* UMSocial_Sdk_Extra_Frameworks */ = {
			isa = PBXGroup;
			children = (
				FA9472811BB3E5AD004EAEDF /* Line */,
				FA9472841BB3E5AD004EAEDF /* SinaSSO */,
				FA9472921BB3E5AD004EAEDF /* TencentOpenAPI */,
				FA9472971BB3E5AD004EAEDF /* Twitter */,
				FA94729A1BB3E5AD004EAEDF /* Wechat */,
				FA9472A01BB3E5AD004EAEDF /* Whatsapp */,
			);
			path = UMSocial_Sdk_Extra_Frameworks;
			sourceTree = "<group>";
		};
		FA9472811BB3E5AD004EAEDF /* Line */ = {
			isa = PBXGroup;
			children = (
				FA9472821BB3E5AD004EAEDF /* libSocialLine.a */,
				FA9472831BB3E5AD004EAEDF /* UMSocialLineHandler.h */,
			);
			path = Line;
			sourceTree = "<group>";
		};
		FA9472841BB3E5AD004EAEDF /* SinaSSO */ = {
			isa = PBXGroup;
			children = (
				FA9472851BB3E5AD004EAEDF /* libSocialSinaSSO.a */,
				FA9472861BB3E5AD004EAEDF /* libWeiboSDK.a */,
				FA9472871BB3E5AD004EAEDF /* UMSocialSinaSSOHandler.h */,
				FA9472881BB3E5AD004EAEDF /* WBHttpRequest+WeiboShare.h */,
				FA9472891BB3E5AD004EAEDF /* WBHttpRequest+WeiboToken.h */,
				FA94728A1BB3E5AD004EAEDF /* WBHttpRequest+WeiboUser.h */,
				FA94728B1BB3E5AD004EAEDF /* WBHttpRequest.h */,
				FA94728C1BB3E5AD004EAEDF /* WBSDKBasicButton.h */,
				FA94728D1BB3E5AD004EAEDF /* WBSDKCommentButton.h */,
				FA94728E1BB3E5AD004EAEDF /* WBSDKRelationshipButton.h */,
				FA94728F1BB3E5AD004EAEDF /* WeiboSDK.bundle */,
				FA9472901BB3E5AD004EAEDF /* WeiboSDK.h */,
				FA9472911BB3E5AD004EAEDF /* WeiboUser.h */,
			);
			path = SinaSSO;
			sourceTree = "<group>";
		};
		FA9472921BB3E5AD004EAEDF /* TencentOpenAPI */ = {
			isa = PBXGroup;
			children = (
				FA9472931BB3E5AD004EAEDF /* libSocialQQ.a */,
				FA9472941BB3E5AD004EAEDF /* TencentOpenAPI.framework */,
				FA9472951BB3E5AD004EAEDF /* TencentOpenApi_IOS_Bundle.bundle */,
				FA9472961BB3E5AD004EAEDF /* UMSocialQQHandler.h */,
			);
			path = TencentOpenAPI;
			sourceTree = "<group>";
		};
		FA9472971BB3E5AD004EAEDF /* Twitter */ = {
			isa = PBXGroup;
			children = (
				FA9472981BB3E5AD004EAEDF /* libSocialTwitter.a */,
				FA9472991BB3E5AD004EAEDF /* UMSocialTwitterHandler.h */,
			);
			path = Twitter;
			sourceTree = "<group>";
		};
		FA94729A1BB3E5AD004EAEDF /* Wechat */ = {
			isa = PBXGroup;
			children = (
				FA94729B1BB3E5AD004EAEDF /* libSocialWechat.a */,
				FA94729C1BB3E5AD004EAEDF /* libWeChatSDK.a */,
				FA94729D1BB3E5AD004EAEDF /* UMSocialWechatHandler.h */,
				FA94729E1BB3E5AD004EAEDF /* WXApi.h */,
				FA94729F1BB3E5AD004EAEDF /* WXApiObject.h */,
			);
			path = Wechat;
			sourceTree = "<group>";
		};
		FA9472A01BB3E5AD004EAEDF /* Whatsapp */ = {
			isa = PBXGroup;
			children = (
				FA9472A11BB3E5AD004EAEDF /* libSocialWhatsapp.a */,
				FA9472A21BB3E5AD004EAEDF /* UMSocialWhatsappHandler.h */,
			);
			path = Whatsapp;
			sourceTree = "<group>";
		};
/* End PBXGroup section */

/* Begin PBXNativeTarget section */
		FA5A46AC1BAC238000B9E2A2 /* Autumn */ = {
			isa = PBXNativeTarget;
			buildConfigurationList = FA5A46D81BAC238100B9E2A2 /* Build configuration list for PBXNativeTarget "Autumn" */;
			buildPhases = (
				D7A1EC0D1F6C1843C8FA677C /* Check Pods Manifest.lock */,
				FA5A46A91BAC238000B9E2A2 /* Sources */,
				FA5A46AA1BAC238000B9E2A2 /* Frameworks */,
				FA5A46AB1BAC238000B9E2A2 /* Resources */,
				9D8A7124ED9B56D15EB44481 /* Embed Pods Frameworks */,
				9F4AAED00A10627E87C127F9 /* Copy Pods Resources */,
			);
			buildRules = (
			);
			dependencies = (
			);
			name = Autumn;
			productName = Autumn;
			productReference = FA5A46AD1BAC238000B9E2A2 /* Autumn.app */;
			productType = "com.apple.product-type.application";
		};
		FA5A46C31BAC238100B9E2A2 /* AutumnTests */ = {
			isa = PBXNativeTarget;
			buildConfigurationList = FA5A46DB1BAC238100B9E2A2 /* Build configuration list for PBXNativeTarget "AutumnTests" */;
			buildPhases = (
				FA5A46C01BAC238100B9E2A2 /* Sources */,
				FA5A46C11BAC238100B9E2A2 /* Frameworks */,
				FA5A46C21BAC238100B9E2A2 /* Resources */,
			);
			buildRules = (
			);
			dependencies = (
				FA5A46C61BAC238100B9E2A2 /* PBXTargetDependency */,
			);
			name = AutumnTests;
			productName = AutumnTests;
			productReference = FA5A46C41BAC238100B9E2A2 /* AutumnTests.xctest */;
			productType = "com.apple.product-type.bundle.unit-test";
		};
		FA5A46CE1BAC238100B9E2A2 /* AutumnUITests */ = {
			isa = PBXNativeTarget;
			buildConfigurationList = FA5A46DE1BAC238100B9E2A2 /* Build configuration list for PBXNativeTarget "AutumnUITests" */;
			buildPhases = (
				FA5A46CB1BAC238100B9E2A2 /* Sources */,
				FA5A46CC1BAC238100B9E2A2 /* Frameworks */,
				FA5A46CD1BAC238100B9E2A2 /* Resources */,
			);
			buildRules = (
			);
			dependencies = (
				FA5A46D11BAC238100B9E2A2 /* PBXTargetDependency */,
			);
			name = AutumnUITests;
			productName = AutumnUITests;
			productReference = FA5A46CF1BAC238100B9E2A2 /* AutumnUITests.xctest */;
			productType = "com.apple.product-type.bundle.ui-testing";
		};
/* End PBXNativeTarget section */

/* Begin PBXProject section */
		FA5A46A51BAC238000B9E2A2 /* Project object */ = {
			isa = PBXProject;
			attributes = {
				LastUpgradeCheck = 0700;
				ORGANIZATIONNAME = "Alex D.";
				TargetAttributes = {
					FA5A46AC1BAC238000B9E2A2 = {
						CreatedOnToolsVersion = 7.0;
						DevelopmentTeam = 7R3E2Y2ETG;
					};
					FA5A46C31BAC238100B9E2A2 = {
						CreatedOnToolsVersion = 7.0;
						TestTargetID = FA5A46AC1BAC238000B9E2A2;
					};
					FA5A46CE1BAC238100B9E2A2 = {
						CreatedOnToolsVersion = 7.0;
						TestTargetID = FA5A46AC1BAC238000B9E2A2;
					};
				};
			};
			buildConfigurationList = FA5A46A81BAC238000B9E2A2 /* Build configuration list for PBXProject "Autumn" */;
			compatibilityVersion = "Xcode 3.2";
			developmentRegion = English;
			hasScannedForEncodings = 0;
			knownRegions = (
				en,
				Base,
				"zh-Hans",
			);
			mainGroup = FA5A46A41BAC238000B9E2A2;
			productRefGroup = FA5A46AE1BAC238000B9E2A2 /* Products */;
			projectDirPath = "";
			projectRoot = "";
			targets = (
				FA5A46AC1BAC238000B9E2A2 /* Autumn */,
				FA5A46C31BAC238100B9E2A2 /* AutumnTests */,
				FA5A46CE1BAC238100B9E2A2 /* AutumnUITests */,
			);
		};
/* End PBXProject section */

/* Begin PBXResourcesBuildPhase section */
		FA5A46AB1BAC238000B9E2A2 /* Resources */ = {
			isa = PBXResourcesBuildPhase;
			buildActionMask = 2147483647;
			files = (
				FA9472A31BB3E5AD004EAEDF /* UMSocialLocalizable.strings in Resources */,
				FA5A47771BAC23B900B9E2A2 /* test.js in Resources */,
				FA5A47701BAC23B900B9E2A2 /* AlbumImageCell.xib in Resources */,
				FA5A46BE1BAC238100B9E2A2 /* LaunchScreen.storyboard in Resources */,
				FA5A47731BAC23B900B9E2A2 /* HTTPDebugView.xib in Resources */,
				FA5A47751BAC23B900B9E2A2 /* LoginView.xib in Resources */,
				FA9472A51BB3E5AD004EAEDF /* UMSCommentDetailController.xib in Resources */,
				FA9472AB1BB3E5AD004EAEDF /* UMSnsAccountViewController.xib in Resources */,
				FA5A47761BAC23B900B9E2A2 /* test.html in Resources */,
				FA9472AA1BB3E5AD004EAEDF /* UMSLoginViewController.xib in Resources */,
				FA9472A61BB3E5AD004EAEDF /* UMSCommentInputController.xib in Resources */,
				FA9472B11BB3E5AD004EAEDF /* WeiboSDK.bundle in Resources */,
				FA5A476E1BAC23B900B9E2A2 /* Summer.storyboard in Resources */,
				FA9472A71BB3E5AD004EAEDF /* UMSCommentInputControlleriPad.xib in Resources */,
				FA9472AC1BB3E5AD004EAEDF /* UMSShareListController.xib in Resources */,
				FA9472AD1BB3E5AD004EAEDF /* UMSocialSDKResourcesNew.bundle in Resources */,
				FA5A46BB1BAC238100B9E2A2 /* Assets.xcassets in Resources */,
				FA9472B41BB3E5AD004EAEDF /* TencentOpenApi_IOS_Bundle.bundle in Resources */,
				FA5A46B61BAC238000B9E2A2 /* Main.storyboard in Resources */,
				FA9472A91BB3E5AD004EAEDF /* UMShareEditViewControlleriPad.xib in Resources */,
				FA9472A81BB3E5AD004EAEDF /* UMShareEditViewController.xib in Resources */,
			);
			runOnlyForDeploymentPostprocessing = 0;
		};
		FA5A46C21BAC238100B9E2A2 /* Resources */ = {
			isa = PBXResourcesBuildPhase;
			buildActionMask = 2147483647;
			files = (
			);
			runOnlyForDeploymentPostprocessing = 0;
		};
		FA5A46CD1BAC238100B9E2A2 /* Resources */ = {
			isa = PBXResourcesBuildPhase;
			buildActionMask = 2147483647;
			files = (
			);
			runOnlyForDeploymentPostprocessing = 0;
		};
/* End PBXResourcesBuildPhase section */

/* Begin PBXShellScriptBuildPhase section */
		9D8A7124ED9B56D15EB44481 /* Embed Pods Frameworks */ = {
			isa = PBXShellScriptBuildPhase;
			buildActionMask = 2147483647;
			files = (
			);
			inputPaths = (
			);
			name = "Embed Pods Frameworks";
			outputPaths = (
			);
			runOnlyForDeploymentPostprocessing = 0;
			shellPath = /bin/sh;
			shellScript = "\"${SRCROOT}/Pods/Target Support Files/Pods/Pods-frameworks.sh\"\n";
			showEnvVarsInLog = 0;
		};
		9F4AAED00A10627E87C127F9 /* Copy Pods Resources */ = {
			isa = PBXShellScriptBuildPhase;
			buildActionMask = 2147483647;
			files = (
			);
			inputPaths = (
			);
			name = "Copy Pods Resources";
			outputPaths = (
			);
			runOnlyForDeploymentPostprocessing = 0;
			shellPath = /bin/sh;
			shellScript = "\"${SRCROOT}/Pods/Target Support Files/Pods/Pods-resources.sh\"\n";
			showEnvVarsInLog = 0;
		};
		D7A1EC0D1F6C1843C8FA677C /* Check Pods Manifest.lock */ = {
			isa = PBXShellScriptBuildPhase;
			buildActionMask = 2147483647;
			files = (
			);
			inputPaths = (
			);
			name = "Check Pods Manifest.lock";
			outputPaths = (
			);
			runOnlyForDeploymentPostprocessing = 0;
			shellPath = /bin/sh;
			shellScript = "diff \"${PODS_ROOT}/../Podfile.lock\" \"${PODS_ROOT}/Manifest.lock\" > /dev/null\nif [[ $? != 0 ]] ; then\n    cat << EOM\nerror: The sandbox is not in sync with the Podfile.lock. Run 'pod install' or update your CocoaPods installation.\nEOM\n    exit 1\nfi\n";
			showEnvVarsInLog = 0;
		};
/* End PBXShellScriptBuildPhase section */

/* Begin PBXSourcesBuildPhase section */
		FA5A46A91BAC238000B9E2A2 /* Sources */ = {
			isa = PBXSourcesBuildPhase;
			buildActionMask = 2147483647;
			files = (
				FA5A477A1BAC23B900B9E2A2 /* DDXMLDocument.m in Sources */,
				FA5A476F1BAC23B900B9E2A2 /* AlbumImageCell.swift in Sources */,
				FA5A475F1BAC23B900B9E2A2 /* BaseModel.swift in Sources */,
				FA5A47631BAC23B900B9E2A2 /* ShareModel.swift in Sources */,
				FA5A475B1BAC23B900B9E2A2 /* JavaScriptManager.swift in Sources */,
				FA5A47551BAC23B900B9E2A2 /* String+Tools.swift in Sources */,
				FA5A46B91BAC238100B9E2A2 /* Autumn.xcdatamodeld in Sources */,
				FA5A47571BAC23B900B9E2A2 /* UIImageView+Tools.swift in Sources */,
				FA5A47781BAC23B900B9E2A2 /* DDXMLElementAdditions.m in Sources */,
				FA5A475A1BAC23B900B9E2A2 /* GCDManager.swift in Sources */,
				FA94725A1BB2AE63004EAEDF /* UMSocialManager.swift in Sources */,
				FA5A47521BAC23B900B9E2A2 /* NSData+Tools.swift in Sources */,
				FA5A476D1BAC23B900B9E2A2 /* SwitchCameraButton.swift in Sources */,
				FA5A47691BAC23B900B9E2A2 /* MyViewController.swift in Sources */,
				FA5A475D1BAC23B900B9E2A2 /* NotificationManager.swift in Sources */,
				FA5A47561BAC23B900B9E2A2 /* UIColor+Tools.swift in Sources */,
				FA5A47511BAC23B900B9E2A2 /* Int+Tools.swift in Sources */,
				FA5A47721BAC23B900B9E2A2 /* HTTPDebugView.swift in Sources */,
				FA5A477C1BAC23B900B9E2A2 /* DDXMLNode.m in Sources */,
				FA5A47611BAC23B900B9E2A2 /* FontModel.swift in Sources */,
				FA5A47621BAC23B900B9E2A2 /* ShareData.swift in Sources */,
				FA5A47711BAC23B900B9E2A2 /* AlbumView.swift in Sources */,
				FA5A47531BAC23B900B9E2A2 /* NSMutableData+Tools.swift in Sources */,
				FA5A47601BAC23B900B9E2A2 /* CertificateModel.swift in Sources */,
				FA5A47791BAC23B900B9E2A2 /* NSString+DDXML.m in Sources */,
				FA5A47651BAC23B900B9E2A2 /* BaseNaviViewController.swift in Sources */,
				FA5A47581BAC23B900B9E2A2 /* UIVIew+Tools.swift in Sources */,
				FA5A47541BAC23B900B9E2A2 /* NSObject+Tools.swift in Sources */,
				FA5A477B1BAC23B900B9E2A2 /* DDXMLElement.m in Sources */,
				FA5A46B31BAC238000B9E2A2 /* ViewController.swift in Sources */,
				FA5A47641BAC23B900B9E2A2 /* AlbumViewController.swift in Sources */,
				FA5A47661BAC23B900B9E2A2 /* BaseViewController.swift in Sources */,
				FA5A476B1BAC23B900B9E2A2 /* QRCodeViewController.swift in Sources */,
				FA9472641BB3D725004EAEDF /* Appdelegate+UMSocialManager.swift in Sources */,
				FA5A46B11BAC238000B9E2A2 /* AppDelegate.swift in Sources */,
				FA5A47741BAC23B900B9E2A2 /* LoginView.swift in Sources */,
				FA5A475C1BAC23B900B9E2A2 /* NetManager.swift in Sources */,
				FA94724C1BB29F35004EAEDF /* UMAnalyticsManager.swift in Sources */,
				FA5A476C1BAC23B900B9E2A2 /* ReaderOverlayView.swift in Sources */,
				FA5A475E1BAC23B900B9E2A2 /* QiniuManager.swift in Sources */,
				FA5A476A1BAC23B900B9E2A2 /* QRCodeReader.swift in Sources */,
				FA5A47591BAC23B900B9E2A2 /* UIWebView+Tools.swift in Sources */,
			);
			runOnlyForDeploymentPostprocessing = 0;
		};
		FA5A46C01BAC238100B9E2A2 /* Sources */ = {
			isa = PBXSourcesBuildPhase;
			buildActionMask = 2147483647;
			files = (
				FA5A46C91BAC238100B9E2A2 /* AutumnTests.swift in Sources */,
			);
			runOnlyForDeploymentPostprocessing = 0;
		};
		FA5A46CB1BAC238100B9E2A2 /* Sources */ = {
			isa = PBXSourcesBuildPhase;
			buildActionMask = 2147483647;
			files = (
				FA5A46D41BAC238100B9E2A2 /* AutumnUITests.swift in Sources */,
			);
			runOnlyForDeploymentPostprocessing = 0;
		};
/* End PBXSourcesBuildPhase section */

/* Begin PBXTargetDependency section */
		FA5A46C61BAC238100B9E2A2 /* PBXTargetDependency */ = {
			isa = PBXTargetDependency;
			target = FA5A46AC1BAC238000B9E2A2 /* Autumn */;
			targetProxy = FA5A46C51BAC238100B9E2A2 /* PBXContainerItemProxy */;
		};
		FA5A46D11BAC238100B9E2A2 /* PBXTargetDependency */ = {
			isa = PBXTargetDependency;
			target = FA5A46AC1BAC238000B9E2A2 /* Autumn */;
			targetProxy = FA5A46D01BAC238100B9E2A2 /* PBXContainerItemProxy */;
		};
/* End PBXTargetDependency section */

/* Begin PBXVariantGroup section */
		FA5A46B41BAC238000B9E2A2 /* Main.storyboard */ = {
			isa = PBXVariantGroup;
			children = (
				FA5A46B51BAC238000B9E2A2 /* Base */,
			);
			name = Main.storyboard;
			sourceTree = "<group>";
		};
		FA5A46BC1BAC238100B9E2A2 /* LaunchScreen.storyboard */ = {
			isa = PBXVariantGroup;
			children = (
				FA5A46BD1BAC238100B9E2A2 /* Base */,
			);
			name = LaunchScreen.storyboard;
			sourceTree = "<group>";
		};
		FA9472661BB3E5AD004EAEDF /* UMSocialLocalizable.strings */ = {
			isa = PBXVariantGroup;
			children = (
				FA9472671BB3E5AD004EAEDF /* en */,
				FA94727F1BB3E5AD004EAEDF /* zh-Hans */,
			);
			name = UMSocialLocalizable.strings;
			sourceTree = "<group>";
		};
/* End PBXVariantGroup section */

/* Begin XCBuildConfiguration section */
		FA5A46D61BAC238100B9E2A2 /* Debug */ = {
			isa = XCBuildConfiguration;
			buildSettings = {
				ALWAYS_SEARCH_USER_PATHS = NO;
				CLANG_CXX_LANGUAGE_STANDARD = "gnu++0x";
				CLANG_CXX_LIBRARY = "libc++";
				CLANG_ENABLE_MODULES = YES;
				CLANG_ENABLE_OBJC_ARC = YES;
				CLANG_WARN_BOOL_CONVERSION = YES;
				CLANG_WARN_CONSTANT_CONVERSION = YES;
				CLANG_WARN_DIRECT_OBJC_ISA_USAGE = YES_ERROR;
				CLANG_WARN_EMPTY_BODY = YES;
				CLANG_WARN_ENUM_CONVERSION = YES;
				CLANG_WARN_INT_CONVERSION = YES;
				CLANG_WARN_OBJC_ROOT_CLASS = YES_ERROR;
				CLANG_WARN_UNREACHABLE_CODE = YES;
				CLANG_WARN__DUPLICATE_METHOD_MATCH = YES;
				"CODE_SIGN_IDENTITY[sdk=iphoneos*]" = "iPhone Developer";
				COPY_PHASE_STRIP = NO;
				DEBUG_INFORMATION_FORMAT = dwarf;
				ENABLE_BITCODE = NO;
				ENABLE_STRICT_OBJC_MSGSEND = YES;
				ENABLE_TESTABILITY = YES;
				GCC_C_LANGUAGE_STANDARD = gnu99;
				GCC_DYNAMIC_NO_PIC = NO;
				GCC_NO_COMMON_BLOCKS = YES;
				GCC_OPTIMIZATION_LEVEL = 0;
				GCC_PREPROCESSOR_DEFINITIONS = (
					"DEBUG=1",
					"$(inherited)",
				);
				GCC_WARN_64_TO_32_BIT_CONVERSION = YES;
				GCC_WARN_ABOUT_RETURN_TYPE = YES_ERROR;
				GCC_WARN_UNDECLARED_SELECTOR = YES;
				GCC_WARN_UNINITIALIZED_AUTOS = YES_AGGRESSIVE;
				GCC_WARN_UNUSED_FUNCTION = YES;
				GCC_WARN_UNUSED_VARIABLE = YES;
				IPHONEOS_DEPLOYMENT_TARGET = 9.0;
				MTL_ENABLE_DEBUG_INFO = YES;
				ONLY_ACTIVE_ARCH = YES;
				SDKROOT = iphoneos;
				SWIFT_OPTIMIZATION_LEVEL = "-Onone";
			};
			name = Debug;
		};
		FA5A46D71BAC238100B9E2A2 /* Release */ = {
			isa = XCBuildConfiguration;
			buildSettings = {
				ALWAYS_SEARCH_USER_PATHS = NO;
				CLANG_CXX_LANGUAGE_STANDARD = "gnu++0x";
				CLANG_CXX_LIBRARY = "libc++";
				CLANG_ENABLE_MODULES = YES;
				CLANG_ENABLE_OBJC_ARC = YES;
				CLANG_WARN_BOOL_CONVERSION = YES;
				CLANG_WARN_CONSTANT_CONVERSION = YES;
				CLANG_WARN_DIRECT_OBJC_ISA_USAGE = YES_ERROR;
				CLANG_WARN_EMPTY_BODY = YES;
				CLANG_WARN_ENUM_CONVERSION = YES;
				CLANG_WARN_INT_CONVERSION = YES;
				CLANG_WARN_OBJC_ROOT_CLASS = YES_ERROR;
				CLANG_WARN_UNREACHABLE_CODE = YES;
				CLANG_WARN__DUPLICATE_METHOD_MATCH = YES;
				"CODE_SIGN_IDENTITY[sdk=iphoneos*]" = "iPhone Developer";
				COPY_PHASE_STRIP = NO;
				DEBUG_INFORMATION_FORMAT = "dwarf-with-dsym";
				ENABLE_BITCODE = NO;
				ENABLE_NS_ASSERTIONS = NO;
				ENABLE_STRICT_OBJC_MSGSEND = YES;
				GCC_C_LANGUAGE_STANDARD = gnu99;
				GCC_NO_COMMON_BLOCKS = YES;
				GCC_WARN_64_TO_32_BIT_CONVERSION = YES;
				GCC_WARN_ABOUT_RETURN_TYPE = YES_ERROR;
				GCC_WARN_UNDECLARED_SELECTOR = YES;
				GCC_WARN_UNINITIALIZED_AUTOS = YES_AGGRESSIVE;
				GCC_WARN_UNUSED_FUNCTION = YES;
				GCC_WARN_UNUSED_VARIABLE = YES;
				IPHONEOS_DEPLOYMENT_TARGET = 9.0;
				MTL_ENABLE_DEBUG_INFO = NO;
				SDKROOT = iphoneos;
				VALIDATE_PRODUCT = YES;
			};
			name = Release;
		};
		FA5A46D91BAC238100B9E2A2 /* Debug */ = {
			isa = XCBuildConfiguration;
			baseConfigurationReference = 7D0E95DC38D53B539C7BE0C9 /* Pods.debug.xcconfig */;
			buildSettings = {
				ASSETCATALOG_COMPILER_APPICON_NAME = AppIcon;
				CODE_SIGN_IDENTITY = "iPhone Developer";
				FRAMEWORK_SEARCH_PATHS = (
					"$(inherited)",
					"$(PROJECT_DIR)/Autumn/_Vendors/UMSocial_Sdk_Extra_Frameworks/TencentOpenAPI",
				);
				HEADER_SEARCH_PATHS = "${SDK_DIR}/usr/include/libxml2";
				INFOPLIST_FILE = Autumn/Info.plist;
				IPHONEOS_DEPLOYMENT_TARGET = 7.0;
				LD_RUNPATH_SEARCH_PATHS = "$(inherited) @executable_path/Frameworks";
				LIBRARY_SEARCH_PATHS = (
					"$(inherited)",
					"$(PROJECT_DIR)/Autumn/_Vendors/UMAnalytics_Sdk_3.5.15",
					"$(PROJECT_DIR)/Autumn/_Vendors/UMSocial_Sdk_4.2.3",
					"$(PROJECT_DIR)/Autumn/_Vendors/UMSocial_Sdk_Extra_Frameworks/Line",
					"$(PROJECT_DIR)/Autumn/_Vendors/UMSocial_Sdk_Extra_Frameworks/Wechat",
					"$(PROJECT_DIR)/Autumn/_Vendors/WeChatSDK_1.5",
					"$(PROJECT_DIR)/Autumn/_Vendors/UMSocial_Sdk_Extra_Frameworks/SinaSSO",
					"$(PROJECT_DIR)/Autumn/_Vendors/UMSocial_Sdk_Extra_Frameworks/TencentOpenAPI",
					"$(PROJECT_DIR)/Autumn/_Vendors/UMSocial_Sdk_Extra_Frameworks/Twitter",
					"$(PROJECT_DIR)/Autumn/_Vendors/UMSocial_Sdk_Extra_Frameworks/Whatsapp",
				);
				PRODUCT_BUNDLE_IDENTIFIER = DS.Autumn;
				PRODUCT_NAME = "$(TARGET_NAME)";
				SWIFT_INCLUDE_PATHS = "${SDK_DIR}/usr/include/libxml2";
				SWIFT_OBJC_BRIDGING_HEADER = "Autumn/Bridging-Header.h";
			};
			name = Debug;
		};
		FA5A46DA1BAC238100B9E2A2 /* Release */ = {
			isa = XCBuildConfiguration;
			baseConfigurationReference = 771C86FCF1950E0E9AF2E2C2 /* Pods.release.xcconfig */;
			buildSettings = {
				ASSETCATALOG_COMPILER_APPICON_NAME = AppIcon;
				CODE_SIGN_IDENTITY = "iPhone Developer";
				FRAMEWORK_SEARCH_PATHS = (
					"$(inherited)",
					"$(PROJECT_DIR)/Autumn/_Vendors/UMSocial_Sdk_Extra_Frameworks/TencentOpenAPI",
				);
				HEADER_SEARCH_PATHS = "${SDK_DIR}/usr/include/libxml2";
				INFOPLIST_FILE = Autumn/Info.plist;
				IPHONEOS_DEPLOYMENT_TARGET = 7.0;
				LD_RUNPATH_SEARCH_PATHS = "$(inherited) @executable_path/Frameworks";
				LIBRARY_SEARCH_PATHS = (
					"$(inherited)",
					"$(PROJECT_DIR)/Autumn/_Vendors/UMAnalytics_Sdk_3.5.15",
					"$(PROJECT_DIR)/Autumn/_Vendors/UMSocial_Sdk_4.2.3",
					"$(PROJECT_DIR)/Autumn/_Vendors/UMSocial_Sdk_Extra_Frameworks/Line",
					"$(PROJECT_DIR)/Autumn/_Vendors/UMSocial_Sdk_Extra_Frameworks/Wechat",
					"$(PROJECT_DIR)/Autumn/_Vendors/WeChatSDK_1.5",
					"$(PROJECT_DIR)/Autumn/_Vendors/UMSocial_Sdk_Extra_Frameworks/SinaSSO",
					"$(PROJECT_DIR)/Autumn/_Vendors/UMSocial_Sdk_Extra_Frameworks/TencentOpenAPI",
					"$(PROJECT_DIR)/Autumn/_Vendors/UMSocial_Sdk_Extra_Frameworks/Twitter",
					"$(PROJECT_DIR)/Autumn/_Vendors/UMSocial_Sdk_Extra_Frameworks/Whatsapp",
				);
				PRODUCT_BUNDLE_IDENTIFIER = DS.Autumn;
				PRODUCT_NAME = "$(TARGET_NAME)";
				SWIFT_INCLUDE_PATHS = "${SDK_DIR}/usr/include/libxml2";
				SWIFT_OBJC_BRIDGING_HEADER = "Autumn/Bridging-Header.h";
			};
			name = Release;
		};
		FA5A46DC1BAC238100B9E2A2 /* Debug */ = {
			isa = XCBuildConfiguration;
			buildSettings = {
				BUNDLE_LOADER = "$(TEST_HOST)";
				INFOPLIST_FILE = AutumnTests/Info.plist;
				LD_RUNPATH_SEARCH_PATHS = "$(inherited) @executable_path/Frameworks @loader_path/Frameworks";
				PRODUCT_BUNDLE_IDENTIFIER = DS.AutumnTests;
				PRODUCT_NAME = "$(TARGET_NAME)";
				TEST_HOST = "$(BUILT_PRODUCTS_DIR)/Autumn.app/Autumn";
			};
			name = Debug;
		};
		FA5A46DD1BAC238100B9E2A2 /* Release */ = {
			isa = XCBuildConfiguration;
			buildSettings = {
				BUNDLE_LOADER = "$(TEST_HOST)";
				INFOPLIST_FILE = AutumnTests/Info.plist;
				LD_RUNPATH_SEARCH_PATHS = "$(inherited) @executable_path/Frameworks @loader_path/Frameworks";
				PRODUCT_BUNDLE_IDENTIFIER = DS.AutumnTests;
				PRODUCT_NAME = "$(TARGET_NAME)";
				TEST_HOST = "$(BUILT_PRODUCTS_DIR)/Autumn.app/Autumn";
			};
			name = Release;
		};
		FA5A46DF1BAC238100B9E2A2 /* Debug */ = {
			isa = XCBuildConfiguration;
			buildSettings = {
				INFOPLIST_FILE = AutumnUITests/Info.plist;
				LD_RUNPATH_SEARCH_PATHS = "$(inherited) @executable_path/Frameworks @loader_path/Frameworks";
				PRODUCT_BUNDLE_IDENTIFIER = DS.AutumnUITests;
				PRODUCT_NAME = "$(TARGET_NAME)";
				TEST_TARGET_NAME = Autumn;
				USES_XCTRUNNER = YES;
			};
			name = Debug;
		};
		FA5A46E01BAC238100B9E2A2 /* Release */ = {
			isa = XCBuildConfiguration;
			buildSettings = {
				INFOPLIST_FILE = AutumnUITests/Info.plist;
				LD_RUNPATH_SEARCH_PATHS = "$(inherited) @executable_path/Frameworks @loader_path/Frameworks";
				PRODUCT_BUNDLE_IDENTIFIER = DS.AutumnUITests;
				PRODUCT_NAME = "$(TARGET_NAME)";
				TEST_TARGET_NAME = Autumn;
				USES_XCTRUNNER = YES;
			};
			name = Release;
		};
/* End XCBuildConfiguration section */

/* Begin XCConfigurationList section */
		FA5A46A81BAC238000B9E2A2 /* Build configuration list for PBXProject "Autumn" */ = {
			isa = XCConfigurationList;
			buildConfigurations = (
				FA5A46D61BAC238100B9E2A2 /* Debug */,
				FA5A46D71BAC238100B9E2A2 /* Release */,
			);
			defaultConfigurationIsVisible = 0;
			defaultConfigurationName = Release;
		};
		FA5A46D81BAC238100B9E2A2 /* Build configuration list for PBXNativeTarget "Autumn" */ = {
			isa = XCConfigurationList;
			buildConfigurations = (
				FA5A46D91BAC238100B9E2A2 /* Debug */,
				FA5A46DA1BAC238100B9E2A2 /* Release */,
			);
			defaultConfigurationIsVisible = 0;
			defaultConfigurationName = Release;
		};
		FA5A46DB1BAC238100B9E2A2 /* Build configuration list for PBXNativeTarget "AutumnTests" */ = {
			isa = XCConfigurationList;
			buildConfigurations = (
				FA5A46DC1BAC238100B9E2A2 /* Debug */,
				FA5A46DD1BAC238100B9E2A2 /* Release */,
			);
			defaultConfigurationIsVisible = 0;
			defaultConfigurationName = Release;
		};
		FA5A46DE1BAC238100B9E2A2 /* Build configuration list for PBXNativeTarget "AutumnUITests" */ = {
			isa = XCConfigurationList;
			buildConfigurations = (
				FA5A46DF1BAC238100B9E2A2 /* Debug */,
				FA5A46E01BAC238100B9E2A2 /* Release */,
			);
			defaultConfigurationIsVisible = 0;
			defaultConfigurationName = Release;
		};
/* End XCConfigurationList section */

/* Begin XCVersionGroup section */
		FA5A46B71BAC238000B9E2A2 /* Autumn.xcdatamodeld */ = {
			isa = XCVersionGroup;
			children = (
				FA5A46B81BAC238000B9E2A2 /* Autumn.xcdatamodel */,
			);
			currentVersion = FA5A46B81BAC238000B9E2A2 /* Autumn.xcdatamodel */;
			path = Autumn.xcdatamodeld;
			sourceTree = "<group>";
			versionGroupType = wrapper.xcdatamodel;
		};
/* End XCVersionGroup section */
	};
	rootObject = FA5A46A51BAC238000B9E2A2 /* Project object */;
}
