// !$*UTF8*$!
{
	archiveVersion = 1;
	classes = {
	};
	objectVersion = 46;
	objects = {

/* Begin PBXBuildFile section */
		632CF3C51B12E9130025F833 /* AppDelegate.swift in Sources */ = {isa = PBXBuildFile; fileRef = 632CF3C41B12E9130025F833 /* AppDelegate.swift */; };
		632CF3CF1B12E9130025F833 /* Images.xcassets in Resources */ = {isa = PBXBuildFile; fileRef = 632CF3CE1B12E9130025F833 /* Images.xcassets */; };
		632CF3DE1B12E9130025F833 /* summerTests.swift in Sources */ = {isa = PBXBuildFile; fileRef = 632CF3DD1B12E9130025F833 /* summerTests.swift */; };
		63E14E1B1B395867007CE65F /* LaunchScreen.xib in Resources */ = {isa = PBXBuildFile; fileRef = 63E14E171B395867007CE65F /* LaunchScreen.xib */; };
		63E14E1C1B395867007CE65F /* Main.storyboard in Resources */ = {isa = PBXBuildFile; fileRef = 63E14E191B395867007CE65F /* Main.storyboard */; };
		63E14E291B395879007CE65F /* Int+Tools.swift in Sources */ = {isa = PBXBuildFile; fileRef = 63E14E1F1B395879007CE65F /* Int+Tools.swift */; };
		63E14E2A1B395879007CE65F /* NSData+Tools.swift in Sources */ = {isa = PBXBuildFile; fileRef = 63E14E201B395879007CE65F /* NSData+Tools.swift */; };
		63E14E2B1B395879007CE65F /* NSMutableData+Tools.swift in Sources */ = {isa = PBXBuildFile; fileRef = 63E14E211B395879007CE65F /* NSMutableData+Tools.swift */; };
		63E14E2C1B395879007CE65F /* String+Tools.swift in Sources */ = {isa = PBXBuildFile; fileRef = 63E14E221B395879007CE65F /* String+Tools.swift */; };
		63E14E2D1B395879007CE65F /* UIImageView+Tools.swift in Sources */ = {isa = PBXBuildFile; fileRef = 63E14E231B395879007CE65F /* UIImageView+Tools.swift */; };
		63E14E2E1B395879007CE65F /* UIVIew+Tools.swift in Sources */ = {isa = PBXBuildFile; fileRef = 63E14E241B395879007CE65F /* UIVIew+Tools.swift */; };
		63E14E2F1B395879007CE65F /* AFNetManager.swift in Sources */ = {isa = PBXBuildFile; fileRef = 63E14E261B395879007CE65F /* AFNetManager.swift */; };
		63E14E301B395879007CE65F /* GCDManager.swift in Sources */ = {isa = PBXBuildFile; fileRef = 63E14E271B395879007CE65F /* GCDManager.swift */; };
		63E14E311B395879007CE65F /* NotificationManager.swift in Sources */ = {isa = PBXBuildFile; fileRef = 63E14E281B395879007CE65F /* NotificationManager.swift */; };
		63E14E391B3958BC007CE65F /* BaseModel.swift in Sources */ = {isa = PBXBuildFile; fileRef = 63E14E361B3958BC007CE65F /* BaseModel.swift */; };
		63E14E3A1B3958BC007CE65F /* FontModel.swift in Sources */ = {isa = PBXBuildFile; fileRef = 63E14E371B3958BC007CE65F /* FontModel.swift */; };
		63E14E3B1B3958BC007CE65F /* ShareData.swift in Sources */ = {isa = PBXBuildFile; fileRef = 63E14E381B3958BC007CE65F /* ShareData.swift */; };
		63E14E461B3958C7007CE65F /* AlbumImageCell.swift in Sources */ = {isa = PBXBuildFile; fileRef = 63E14E3E1B3958C7007CE65F /* AlbumImageCell.swift */; };
		63E14E471B3958C7007CE65F /* PhotoZoomView.swift in Sources */ = {isa = PBXBuildFile; fileRef = 63E14E3F1B3958C7007CE65F /* PhotoZoomView.swift */; };
		63E14E481B3958C7007CE65F /* AlbumViewController.swift in Sources */ = {isa = PBXBuildFile; fileRef = 63E14E411B3958C7007CE65F /* AlbumViewController.swift */; };
		63E14E491B3958C7007CE65F /* demoVC.m in Sources */ = {isa = PBXBuildFile; fileRef = 63E14E441B3958C7007CE65F /* demoVC.m */; };
		63E14E4A1B3958C7007CE65F /* ViewController.swift in Sources */ = {isa = PBXBuildFile; fileRef = 63E14E451B3958C7007CE65F /* ViewController.swift */; };
		63E14E511B3958D4007CE65F /* libWeChatSDK.a in Frameworks */ = {isa = PBXBuildFile; fileRef = 63E14E4D1B3958D4007CE65F /* libWeChatSDK.a */; };
		63E14E521B3958D4007CE65F /* read_me.txt in Resources */ = {isa = PBXBuildFile; fileRef = 63E14E4E1B3958D4007CE65F /* read_me.txt */; };
		63E14E581B395CE3007CE65F /* SystemConfiguration.framework in Frameworks */ = {isa = PBXBuildFile; fileRef = 63E14E571B395CE3007CE65F /* SystemConfiguration.framework */; };
		63E14E601B395EE6007CE65F /* WechatManager.swift in Sources */ = {isa = PBXBuildFile; fileRef = 63E14E5F1B395EE6007CE65F /* WechatManager.swift */; };
		95798A6C8B1E5732F55555D9 /* Pods.framework in Frameworks */ = {isa = PBXBuildFile; fileRef = 7CD470143EDD4313F3155499 /* Pods.framework */; settings = {ATTRIBUTES = (Weak, ); }; };
		FA349A661B70D29900DF021E /* libc++.tbd in Frameworks */ = {isa = PBXBuildFile; fileRef = FA349A651B70D29900DF021E /* libc++.tbd */; };
		FA349A681B70D2A800DF021E /* libsqlite3.tbd in Frameworks */ = {isa = PBXBuildFile; fileRef = FA349A671B70D2A800DF021E /* libsqlite3.tbd */; };
		FA349A6A1B70D2B200DF021E /* libz.tbd in Frameworks */ = {isa = PBXBuildFile; fileRef = FA349A691B70D2B200DF021E /* libz.tbd */; };
		FA6FCE731B4BB29100973165 /* CertificateModel.swift in Sources */ = {isa = PBXBuildFile; fileRef = FA6FCE721B4BB29100973165 /* CertificateModel.swift */; };
		FAFED7ED1B47BBA2009CA0B7 /* UIColor+Tools.swift in Sources */ = {isa = PBXBuildFile; fileRef = FAFED7EC1B47BBA2009CA0B7 /* UIColor+Tools.swift */; };
/* End PBXBuildFile section */

/* Begin PBXContainerItemProxy section */
		632CF3D81B12E9130025F833 /* PBXContainerItemProxy */ = {
			isa = PBXContainerItemProxy;
			containerPortal = 632CF3B71B12E9130025F833 /* Project object */;
			proxyType = 1;
			remoteGlobalIDString = 632CF3BE1B12E9130025F833;
			remoteInfo = summer;
		};
/* End PBXContainerItemProxy section */

/* Begin PBXFileReference section */
		632CF3BF1B12E9130025F833 /* summer.app */ = {isa = PBXFileReference; explicitFileType = wrapper.application; includeInIndex = 0; path = summer.app; sourceTree = BUILT_PRODUCTS_DIR; };
		632CF3C31B12E9130025F833 /* Info.plist */ = {isa = PBXFileReference; lastKnownFileType = text.plist.xml; path = Info.plist; sourceTree = "<group>"; };
		632CF3C41B12E9130025F833 /* AppDelegate.swift */ = {isa = PBXFileReference; lastKnownFileType = sourcecode.swift; path = AppDelegate.swift; sourceTree = "<group>"; };
		632CF3CE1B12E9130025F833 /* Images.xcassets */ = {isa = PBXFileReference; lastKnownFileType = folder.assetcatalog; path = Images.xcassets; sourceTree = "<group>"; };
		632CF3D71B12E9130025F833 /* summerTests.xctest */ = {isa = PBXFileReference; explicitFileType = wrapper.cfbundle; includeInIndex = 0; path = summerTests.xctest; sourceTree = BUILT_PRODUCTS_DIR; };
		632CF3DC1B12E9130025F833 /* Info.plist */ = {isa = PBXFileReference; lastKnownFileType = text.plist.xml; path = Info.plist; sourceTree = "<group>"; };
		632CF3DD1B12E9130025F833 /* summerTests.swift */ = {isa = PBXFileReference; lastKnownFileType = sourcecode.swift; path = summerTests.swift; sourceTree = "<group>"; };
		634DC3091B145ABB00CDB013 /* summer-Bridging-Header.h */ = {isa = PBXFileReference; lastKnownFileType = sourcecode.c.h; path = "summer-Bridging-Header.h"; sourceTree = "<group>"; };
		63E14E181B395867007CE65F /* Base */ = {isa = PBXFileReference; lastKnownFileType = file.xib; name = Base; path = LaunchScreen.xib; sourceTree = "<group>"; };
		63E14E1A1B395867007CE65F /* Base */ = {isa = PBXFileReference; lastKnownFileType = file.storyboard; name = Base; path = Main.storyboard; sourceTree = "<group>"; };
		63E14E1F1B395879007CE65F /* Int+Tools.swift */ = {isa = PBXFileReference; fileEncoding = 4; lastKnownFileType = sourcecode.swift; path = "Int+Tools.swift"; sourceTree = "<group>"; };
		63E14E201B395879007CE65F /* NSData+Tools.swift */ = {isa = PBXFileReference; fileEncoding = 4; lastKnownFileType = sourcecode.swift; path = "NSData+Tools.swift"; sourceTree = "<group>"; };
		63E14E211B395879007CE65F /* NSMutableData+Tools.swift */ = {isa = PBXFileReference; fileEncoding = 4; lastKnownFileType = sourcecode.swift; path = "NSMutableData+Tools.swift"; sourceTree = "<group>"; };
		63E14E221B395879007CE65F /* String+Tools.swift */ = {isa = PBXFileReference; fileEncoding = 4; lastKnownFileType = sourcecode.swift; path = "String+Tools.swift"; sourceTree = "<group>"; };
		63E14E231B395879007CE65F /* UIImageView+Tools.swift */ = {isa = PBXFileReference; fileEncoding = 4; lastKnownFileType = sourcecode.swift; path = "UIImageView+Tools.swift"; sourceTree = "<group>"; };
		63E14E241B395879007CE65F /* UIVIew+Tools.swift */ = {isa = PBXFileReference; fileEncoding = 4; lastKnownFileType = sourcecode.swift; path = "UIVIew+Tools.swift"; sourceTree = "<group>"; };
		63E14E261B395879007CE65F /* AFNetManager.swift */ = {isa = PBXFileReference; fileEncoding = 4; lastKnownFileType = sourcecode.swift; path = AFNetManager.swift; sourceTree = "<group>"; };
		63E14E271B395879007CE65F /* GCDManager.swift */ = {isa = PBXFileReference; fileEncoding = 4; lastKnownFileType = sourcecode.swift; path = GCDManager.swift; sourceTree = "<group>"; };
		63E14E281B395879007CE65F /* NotificationManager.swift */ = {isa = PBXFileReference; fileEncoding = 4; lastKnownFileType = sourcecode.swift; path = NotificationManager.swift; sourceTree = "<group>"; };
		63E14E361B3958BC007CE65F /* BaseModel.swift */ = {isa = PBXFileReference; fileEncoding = 4; lastKnownFileType = sourcecode.swift; path = BaseModel.swift; sourceTree = "<group>"; };
		63E14E371B3958BC007CE65F /* FontModel.swift */ = {isa = PBXFileReference; fileEncoding = 4; lastKnownFileType = sourcecode.swift; path = FontModel.swift; sourceTree = "<group>"; };
		63E14E381B3958BC007CE65F /* ShareData.swift */ = {isa = PBXFileReference; fileEncoding = 4; lastKnownFileType = sourcecode.swift; path = ShareData.swift; sourceTree = "<group>"; };
		63E14E3E1B3958C7007CE65F /* AlbumImageCell.swift */ = {isa = PBXFileReference; fileEncoding = 4; lastKnownFileType = sourcecode.swift; path = AlbumImageCell.swift; sourceTree = "<group>"; };
		63E14E3F1B3958C7007CE65F /* PhotoZoomView.swift */ = {isa = PBXFileReference; fileEncoding = 4; lastKnownFileType = sourcecode.swift; path = PhotoZoomView.swift; sourceTree = "<group>"; };
		63E14E411B3958C7007CE65F /* AlbumViewController.swift */ = {isa = PBXFileReference; fileEncoding = 4; lastKnownFileType = sourcecode.swift; path = AlbumViewController.swift; sourceTree = "<group>"; };
		63E14E431B3958C7007CE65F /* demoVC.h */ = {isa = PBXFileReference; fileEncoding = 4; lastKnownFileType = sourcecode.c.h; path = demoVC.h; sourceTree = "<group>"; };
		63E14E441B3958C7007CE65F /* demoVC.m */ = {isa = PBXFileReference; fileEncoding = 4; lastKnownFileType = sourcecode.c.objc; path = demoVC.m; sourceTree = "<group>"; };
		63E14E451B3958C7007CE65F /* ViewController.swift */ = {isa = PBXFileReference; fileEncoding = 4; lastKnownFileType = sourcecode.swift; path = ViewController.swift; sourceTree = "<group>"; };
		63E14E4D1B3958D4007CE65F /* libWeChatSDK.a */ = {isa = PBXFileReference; lastKnownFileType = archive.ar; path = libWeChatSDK.a; sourceTree = "<group>"; };
		63E14E4E1B3958D4007CE65F /* read_me.txt */ = {isa = PBXFileReference; fileEncoding = 4; lastKnownFileType = text; path = read_me.txt; sourceTree = "<group>"; };
		63E14E4F1B3958D4007CE65F /* WXApi.h */ = {isa = PBXFileReference; fileEncoding = 4; lastKnownFileType = sourcecode.c.h; path = WXApi.h; sourceTree = "<group>"; };
		63E14E501B3958D4007CE65F /* WXApiObject.h */ = {isa = PBXFileReference; fileEncoding = 4; lastKnownFileType = sourcecode.c.h; path = WXApiObject.h; sourceTree = "<group>"; };
		63E14E571B395CE3007CE65F /* SystemConfiguration.framework */ = {isa = PBXFileReference; lastKnownFileType = wrapper.framework; name = SystemConfiguration.framework; path = System/Library/Frameworks/SystemConfiguration.framework; sourceTree = SDKROOT; };
		63E14E5F1B395EE6007CE65F /* WechatManager.swift */ = {isa = PBXFileReference; fileEncoding = 4; lastKnownFileType = sourcecode.swift; name = WechatManager.swift; path = ../../../General/Helpers/WechatManager.swift; sourceTree = "<group>"; };
		7CD470143EDD4313F3155499 /* Pods.framework */ = {isa = PBXFileReference; explicitFileType = wrapper.framework; includeInIndex = 0; path = Pods.framework; sourceTree = BUILT_PRODUCTS_DIR; };
		832947808C0F33D46BA11AC2 /* Pods.release.xcconfig */ = {isa = PBXFileReference; includeInIndex = 1; lastKnownFileType = text.xcconfig; name = Pods.release.xcconfig; path = "Pods/Target Support Files/Pods/Pods.release.xcconfig"; sourceTree = "<group>"; };
		EAB421B99656A9536AA5994F /* Pods.debug.xcconfig */ = {isa = PBXFileReference; includeInIndex = 1; lastKnownFileType = text.xcconfig; name = Pods.debug.xcconfig; path = "Pods/Target Support Files/Pods/Pods.debug.xcconfig"; sourceTree = "<group>"; };
		FA00F4AF1B4530D3004CA315 /* summer.playground */ = {isa = PBXFileReference; lastKnownFileType = file.playground; name = summer.playground; path = ../summer.playground; sourceTree = "<group>"; };
		FA349A651B70D29900DF021E /* libc++.tbd */ = {isa = PBXFileReference; lastKnownFileType = "sourcecode.text-based-dylib-definition"; name = "libc++.tbd"; path = "usr/lib/libc++.tbd"; sourceTree = SDKROOT; };
		FA349A671B70D2A800DF021E /* libsqlite3.tbd */ = {isa = PBXFileReference; lastKnownFileType = "sourcecode.text-based-dylib-definition"; name = libsqlite3.tbd; path = usr/lib/libsqlite3.tbd; sourceTree = SDKROOT; };
		FA349A691B70D2B200DF021E /* libz.tbd */ = {isa = PBXFileReference; lastKnownFileType = "sourcecode.text-based-dylib-definition"; name = libz.tbd; path = usr/lib/libz.tbd; sourceTree = SDKROOT; };
		FA6FCE721B4BB29100973165 /* CertificateModel.swift */ = {isa = PBXFileReference; fileEncoding = 4; lastKnownFileType = sourcecode.swift; path = CertificateModel.swift; sourceTree = "<group>"; };
		FAFED7EC1B47BBA2009CA0B7 /* UIColor+Tools.swift */ = {isa = PBXFileReference; fileEncoding = 4; lastKnownFileType = sourcecode.swift; path = "UIColor+Tools.swift"; sourceTree = "<group>"; };
/* End PBXFileReference section */

/* Begin PBXFrameworksBuildPhase section */
		632CF3BC1B12E9130025F833 /* Frameworks */ = {
			isa = PBXFrameworksBuildPhase;
			buildActionMask = 2147483647;
			files = (
				FA349A6A1B70D2B200DF021E /* libz.tbd in Frameworks */,
				FA349A681B70D2A800DF021E /* libsqlite3.tbd in Frameworks */,
				FA349A661B70D29900DF021E /* libc++.tbd in Frameworks */,
				63E14E581B395CE3007CE65F /* SystemConfiguration.framework in Frameworks */,
				63E14E511B3958D4007CE65F /* libWeChatSDK.a in Frameworks */,
				95798A6C8B1E5732F55555D9 /* Pods.framework in Frameworks */,
			);
			runOnlyForDeploymentPostprocessing = 0;
		};
		632CF3D41B12E9130025F833 /* Frameworks */ = {
			isa = PBXFrameworksBuildPhase;
			buildActionMask = 2147483647;
			files = (
			);
			runOnlyForDeploymentPostprocessing = 0;
		};
/* End PBXFrameworksBuildPhase section */

/* Begin PBXGroup section */
		1C0A09B1824270664CF6C6BA /* Frameworks */ = {
			isa = PBXGroup;
			children = (
				FA349A691B70D2B200DF021E /* libz.tbd */,
				FA349A671B70D2A800DF021E /* libsqlite3.tbd */,
				FA349A651B70D29900DF021E /* libc++.tbd */,
				63E14E571B395CE3007CE65F /* SystemConfiguration.framework */,
				7CD470143EDD4313F3155499 /* Pods.framework */,
			);
			name = Frameworks;
			sourceTree = "<group>";
		};
		632CF3B61B12E9130025F833 = {
			isa = PBXGroup;
			children = (
				632CF3C11B12E9130025F833 /* summer */,
				632CF3DA1B12E9130025F833 /* summerTests */,
				632CF3C01B12E9130025F833 /* Products */,
				844158BCD26EF8A3E1DE47E7 /* Pods */,
				1C0A09B1824270664CF6C6BA /* Frameworks */,
				634DC3091B145ABB00CDB013 /* summer-Bridging-Header.h */,
			);
			sourceTree = "<group>";
		};
		632CF3C01B12E9130025F833 /* Products */ = {
			isa = PBXGroup;
			children = (
				632CF3BF1B12E9130025F833 /* summer.app */,
				632CF3D71B12E9130025F833 /* summerTests.xctest */,
			);
			name = Products;
			sourceTree = "<group>";
		};
		632CF3C11B12E9130025F833 /* summer */ = {
			isa = PBXGroup;
			children = (
				FA00F4AF1B4530D3004CA315 /* summer.playground */,
				632CF3C41B12E9130025F833 /* AppDelegate.swift */,
				63E14E161B395867007CE65F /* Base.lproj */,
				63E14E1D1B395879007CE65F /* General */,
				63E14E321B395894007CE65F /* Helpers */,
				632CF3CE1B12E9130025F833 /* Images.xcassets */,
				63E14E351B3958BC007CE65F /* Model */,
				63E14E3C1B3958C7007CE65F /* Sections */,
				63E14E4B1B3958D4007CE65F /* Vendors */,
				632CF3C21B12E9130025F833 /* Supporting Files */,
			);
			path = summer;
			sourceTree = "<group>";
		};
		632CF3C21B12E9130025F833 /* Supporting Files */ = {
			isa = PBXGroup;
			children = (
				632CF3C31B12E9130025F833 /* Info.plist */,
			);
			name = "Supporting Files";
			sourceTree = "<group>";
		};
		632CF3DA1B12E9130025F833 /* summerTests */ = {
			isa = PBXGroup;
			children = (
				632CF3DD1B12E9130025F833 /* summerTests.swift */,
				632CF3DB1B12E9130025F833 /* Supporting Files */,
			);
			path = summerTests;
			sourceTree = "<group>";
		};
		632CF3DB1B12E9130025F833 /* Supporting Files */ = {
			isa = PBXGroup;
			children = (
				632CF3DC1B12E9130025F833 /* Info.plist */,
			);
			name = "Supporting Files";
			sourceTree = "<group>";
		};
		63E14E161B395867007CE65F /* Base.lproj */ = {
			isa = PBXGroup;
			children = (
				63E14E171B395867007CE65F /* LaunchScreen.xib */,
				63E14E191B395867007CE65F /* Main.storyboard */,
			);
			path = Base.lproj;
			sourceTree = "<group>";
		};
		63E14E1D1B395879007CE65F /* General */ = {
			isa = PBXGroup;
			children = (
				63E14E1E1B395879007CE65F /* Extension */,
				63E14E251B395879007CE65F /* Helpers */,
			);
			name = General;
			path = Base.lproj/General;
			sourceTree = "<group>";
		};
		63E14E1E1B395879007CE65F /* Extension */ = {
			isa = PBXGroup;
			children = (
				63E14E1F1B395879007CE65F /* Int+Tools.swift */,
				63E14E201B395879007CE65F /* NSData+Tools.swift */,
				FAFED7EC1B47BBA2009CA0B7 /* UIColor+Tools.swift */,
				63E14E211B395879007CE65F /* NSMutableData+Tools.swift */,
				63E14E221B395879007CE65F /* String+Tools.swift */,
				63E14E231B395879007CE65F /* UIImageView+Tools.swift */,
				63E14E241B395879007CE65F /* UIVIew+Tools.swift */,
			);
			path = Extension;
			sourceTree = "<group>";
		};
		63E14E251B395879007CE65F /* Helpers */ = {
			isa = PBXGroup;
			children = (
				63E14E261B395879007CE65F /* AFNetManager.swift */,
				63E14E271B395879007CE65F /* GCDManager.swift */,
				63E14E281B395879007CE65F /* NotificationManager.swift */,
				63E14E5F1B395EE6007CE65F /* WechatManager.swift */,
			);
			path = Helpers;
			sourceTree = "<group>";
		};
		63E14E321B395894007CE65F /* Helpers */ = {
			isa = PBXGroup;
			children = (
			);
			path = Helpers;
			sourceTree = "<group>";
		};
		63E14E351B3958BC007CE65F /* Model */ = {
			isa = PBXGroup;
			children = (
				FA6FCE721B4BB29100973165 /* CertificateModel.swift */,
				63E14E361B3958BC007CE65F /* BaseModel.swift */,
				63E14E371B3958BC007CE65F /* FontModel.swift */,
				63E14E381B3958BC007CE65F /* ShareData.swift */,
			);
			path = Model;
			sourceTree = "<group>";
		};
		63E14E3C1B3958C7007CE65F /* Sections */ = {
			isa = PBXGroup;
			children = (
				63E14E3D1B3958C7007CE65F /* View */,
				63E14E401B3958C7007CE65F /* View Controller */,
			);
			path = Sections;
			sourceTree = "<group>";
		};
		63E14E3D1B3958C7007CE65F /* View */ = {
			isa = PBXGroup;
			children = (
				63E14E3E1B3958C7007CE65F /* AlbumImageCell.swift */,
				63E14E3F1B3958C7007CE65F /* PhotoZoomView.swift */,
			);
			path = View;
			sourceTree = "<group>";
		};
		63E14E401B3958C7007CE65F /* View Controller */ = {
			isa = PBXGroup;
			children = (
				63E14E411B3958C7007CE65F /* AlbumViewController.swift */,
				63E14E421B3958C7007CE65F /* demo */,
				63E14E451B3958C7007CE65F /* ViewController.swift */,
			);
			path = "View Controller";
			sourceTree = "<group>";
		};
		63E14E421B3958C7007CE65F /* demo */ = {
			isa = PBXGroup;
			children = (
				63E14E431B3958C7007CE65F /* demoVC.h */,
				63E14E441B3958C7007CE65F /* demoVC.m */,
			);
			path = demo;
			sourceTree = "<group>";
		};
		63E14E4B1B3958D4007CE65F /* Vendors */ = {
			isa = PBXGroup;
			children = (
				63E14E4C1B3958D4007CE65F /* WeChatSDK_1.5 */,
			);
			path = Vendors;
			sourceTree = "<group>";
		};
		63E14E4C1B3958D4007CE65F /* WeChatSDK_1.5 */ = {
			isa = PBXGroup;
			children = (
				63E14E4D1B3958D4007CE65F /* libWeChatSDK.a */,
				63E14E4E1B3958D4007CE65F /* read_me.txt */,
				63E14E4F1B3958D4007CE65F /* WXApi.h */,
				63E14E501B3958D4007CE65F /* WXApiObject.h */,
			);
			path = WeChatSDK_1.5;
			sourceTree = "<group>";
		};
		844158BCD26EF8A3E1DE47E7 /* Pods */ = {
			isa = PBXGroup;
			children = (
				EAB421B99656A9536AA5994F /* Pods.debug.xcconfig */,
				832947808C0F33D46BA11AC2 /* Pods.release.xcconfig */,
			);
			name = Pods;
			sourceTree = "<group>";
		};
/* End PBXGroup section */

/* Begin PBXNativeTarget section */
		632CF3BE1B12E9130025F833 /* summer */ = {
			isa = PBXNativeTarget;
			buildConfigurationList = 632CF3E11B12E9130025F833 /* Build configuration list for PBXNativeTarget "summer" */;
			buildPhases = (
				51DD811B8EE054F157A5A72F /* Check Pods Manifest.lock */,
				632CF3BB1B12E9130025F833 /* Sources */,
				632CF3BC1B12E9130025F833 /* Frameworks */,
				632CF3BD1B12E9130025F833 /* Resources */,
				6ABFAF36094CA740A5856D97 /* Embed Pods Frameworks */,
				C7E756C7963A9507F31D80D0 /* Copy Pods Resources */,
			);
			buildRules = (
			);
			dependencies = (
			);
			name = summer;
			productName = summer;
			productReference = 632CF3BF1B12E9130025F833 /* summer.app */;
			productType = "com.apple.product-type.application";
		};
		632CF3D61B12E9130025F833 /* summerTests */ = {
			isa = PBXNativeTarget;
			buildConfigurationList = 632CF3E41B12E9130025F833 /* Build configuration list for PBXNativeTarget "summerTests" */;
			buildPhases = (
				632CF3D31B12E9130025F833 /* Sources */,
				632CF3D41B12E9130025F833 /* Frameworks */,
				632CF3D51B12E9130025F833 /* Resources */,
			);
			buildRules = (
			);
			dependencies = (
				632CF3D91B12E9130025F833 /* PBXTargetDependency */,
			);
			name = summerTests;
			productName = summerTests;
			productReference = 632CF3D71B12E9130025F833 /* summerTests.xctest */;
			productType = "com.apple.product-type.bundle.unit-test";
		};
/* End PBXNativeTarget section */

/* Begin PBXProject section */
		632CF3B71B12E9130025F833 /* Project object */ = {
			isa = PBXProject;
			attributes = {
				LastSwiftUpdateCheck = 0700;
				LastUpgradeCheck = 0700;
				ORGANIZATIONNAME = "Ding Soung";
				TargetAttributes = {
					632CF3BE1B12E9130025F833 = {
						CreatedOnToolsVersion = 6.3.2;
						DevelopmentTeam = 7R3E2Y2ETG;
					};
					632CF3D61B12E9130025F833 = {
						CreatedOnToolsVersion = 6.3.2;
						TestTargetID = 632CF3BE1B12E9130025F833;
					};
				};
			};
			buildConfigurationList = 632CF3BA1B12E9130025F833 /* Build configuration list for PBXProject "summer" */;
			compatibilityVersion = "Xcode 3.2";
			developmentRegion = English;
			hasScannedForEncodings = 0;
			knownRegions = (
				en,
				Base,
			);
			mainGroup = 632CF3B61B12E9130025F833;
			productRefGroup = 632CF3C01B12E9130025F833 /* Products */;
			projectDirPath = "";
			projectRoot = "";
			targets = (
				632CF3BE1B12E9130025F833 /* summer */,
				632CF3D61B12E9130025F833 /* summerTests */,
			);
		};
/* End PBXProject section */

/* Begin PBXResourcesBuildPhase section */
		632CF3BD1B12E9130025F833 /* Resources */ = {
			isa = PBXResourcesBuildPhase;
			buildActionMask = 2147483647;
			files = (
				63E14E1B1B395867007CE65F /* LaunchScreen.xib in Resources */,
				63E14E1C1B395867007CE65F /* Main.storyboard in Resources */,
				63E14E521B3958D4007CE65F /* read_me.txt in Resources */,
				632CF3CF1B12E9130025F833 /* Images.xcassets in Resources */,
			);
			runOnlyForDeploymentPostprocessing = 0;
		};
		632CF3D51B12E9130025F833 /* Resources */ = {
			isa = PBXResourcesBuildPhase;
			buildActionMask = 2147483647;
			files = (
			);
			runOnlyForDeploymentPostprocessing = 0;
		};
/* End PBXResourcesBuildPhase section */

/* Begin PBXShellScriptBuildPhase section */
		51DD811B8EE054F157A5A72F /* Check Pods Manifest.lock */ = {
			isa = PBXShellScriptBuildPhase;
			buildActionMask = 2147483647;
			files = (
			);
			inputPaths = (
			);
			name = "Check Pods Manifest.lock";
			outputPaths = (
			);
			runOnlyForDeploymentPostprocessing = 0;
			shellPath = /bin/sh;
			shellScript = "diff \"${PODS_ROOT}/../Podfile.lock\" \"${PODS_ROOT}/Manifest.lock\" > /dev/null\nif [[ $? != 0 ]] ; then\n    cat << EOM\nerror: The sandbox is not in sync with the Podfile.lock. Run 'pod install' or update your CocoaPods installation.\nEOM\n    exit 1\nfi\n";
			showEnvVarsInLog = 0;
		};
		6ABFAF36094CA740A5856D97 /* Embed Pods Frameworks */ = {
			isa = PBXShellScriptBuildPhase;
			buildActionMask = 2147483647;
			files = (
			);
			inputPaths = (
			);
			name = "Embed Pods Frameworks";
			outputPaths = (
			);
			runOnlyForDeploymentPostprocessing = 0;
			shellPath = /bin/sh;
			shellScript = "\"${SRCROOT}/Pods/Target Support Files/Pods/Pods-frameworks.sh\"\n";
			showEnvVarsInLog = 0;
		};
		C7E756C7963A9507F31D80D0 /* Copy Pods Resources */ = {
			isa = PBXShellScriptBuildPhase;
			buildActionMask = 2147483647;
			files = (
			);
			inputPaths = (
			);
			name = "Copy Pods Resources";
			outputPaths = (
			);
			runOnlyForDeploymentPostprocessing = 0;
			shellPath = /bin/sh;
			shellScript = "\"${SRCROOT}/Pods/Target Support Files/Pods/Pods-resources.sh\"\n";
			showEnvVarsInLog = 0;
		};
/* End PBXShellScriptBuildPhase section */

/* Begin PBXSourcesBuildPhase section */
		632CF3BB1B12E9130025F833 /* Sources */ = {
			isa = PBXSourcesBuildPhase;
			buildActionMask = 2147483647;
			files = (
				63E14E2A1B395879007CE65F /* NSData+Tools.swift in Sources */,
				FA6FCE731B4BB29100973165 /* CertificateModel.swift in Sources */,
				FAFED7ED1B47BBA2009CA0B7 /* UIColor+Tools.swift in Sources */,
				63E14E601B395EE6007CE65F /* WechatManager.swift in Sources */,
				63E14E491B3958C7007CE65F /* demoVC.m in Sources */,
				63E14E391B3958BC007CE65F /* BaseModel.swift in Sources */,
				63E14E2E1B395879007CE65F /* UIVIew+Tools.swift in Sources */,
				63E14E2F1B395879007CE65F /* AFNetManager.swift in Sources */,
				63E14E3A1B3958BC007CE65F /* FontModel.swift in Sources */,
				63E14E311B395879007CE65F /* NotificationManager.swift in Sources */,
				63E14E471B3958C7007CE65F /* PhotoZoomView.swift in Sources */,
				63E14E4A1B3958C7007CE65F /* ViewController.swift in Sources */,
				63E14E3B1B3958BC007CE65F /* ShareData.swift in Sources */,
				63E14E301B395879007CE65F /* GCDManager.swift in Sources */,
				63E14E2D1B395879007CE65F /* UIImageView+Tools.swift in Sources */,
				63E14E481B3958C7007CE65F /* AlbumViewController.swift in Sources */,
				632CF3C51B12E9130025F833 /* AppDelegate.swift in Sources */,
				63E14E2B1B395879007CE65F /* NSMutableData+Tools.swift in Sources */,
				63E14E2C1B395879007CE65F /* String+Tools.swift in Sources */,
				63E14E461B3958C7007CE65F /* AlbumImageCell.swift in Sources */,
				63E14E291B395879007CE65F /* Int+Tools.swift in Sources */,
			);
			runOnlyForDeploymentPostprocessing = 0;
		};
		632CF3D31B12E9130025F833 /* Sources */ = {
			isa = PBXSourcesBuildPhase;
			buildActionMask = 2147483647;
			files = (
				632CF3DE1B12E9130025F833 /* summerTests.swift in Sources */,
			);
			runOnlyForDeploymentPostprocessing = 0;
		};
/* End PBXSourcesBuildPhase section */

/* Begin PBXTargetDependency section */
		632CF3D91B12E9130025F833 /* PBXTargetDependency */ = {
			isa = PBXTargetDependency;
			target = 632CF3BE1B12E9130025F833 /* summer */;
			targetProxy = 632CF3D81B12E9130025F833 /* PBXContainerItemProxy */;
		};
/* End PBXTargetDependency section */

/* Begin PBXVariantGroup section */
		63E14E171B395867007CE65F /* LaunchScreen.xib */ = {
			isa = PBXVariantGroup;
			children = (
				63E14E181B395867007CE65F /* Base */,
			);
			name = LaunchScreen.xib;
			sourceTree = "<group>";
		};
		63E14E191B395867007CE65F /* Main.storyboard */ = {
			isa = PBXVariantGroup;
			children = (
				63E14E1A1B395867007CE65F /* Base */,
			);
			name = Main.storyboard;
			sourceTree = "<group>";
		};
/* End PBXVariantGroup section */

/* Begin XCBuildConfiguration section */
		632CF3DF1B12E9130025F833 /* Debug */ = {
			isa = XCBuildConfiguration;
			buildSettings = {
				ALWAYS_SEARCH_USER_PATHS = NO;
				CLANG_CXX_LANGUAGE_STANDARD = "gnu++0x";
				CLANG_CXX_LIBRARY = "libc++";
				CLANG_ENABLE_MODULES = YES;
				CLANG_ENABLE_OBJC_ARC = YES;
				CLANG_WARN_BOOL_CONVERSION = YES;
				CLANG_WARN_CONSTANT_CONVERSION = YES;
				CLANG_WARN_DIRECT_OBJC_ISA_USAGE = YES_ERROR;
				CLANG_WARN_EMPTY_BODY = YES;
				CLANG_WARN_ENUM_CONVERSION = YES;
				CLANG_WARN_INT_CONVERSION = YES;
				CLANG_WARN_OBJC_ROOT_CLASS = YES_ERROR;
				CLANG_WARN_UNREACHABLE_CODE = YES;
				CLANG_WARN__DUPLICATE_METHOD_MATCH = YES;
				"CODE_SIGN_IDENTITY[sdk=iphoneos*]" = "iPhone Developer";
				COPY_PHASE_STRIP = NO;
				DEBUG_INFORMATION_FORMAT = "dwarf-with-dsym";
				ENABLE_STRICT_OBJC_MSGSEND = YES;
				ENABLE_TESTABILITY = YES;
				GCC_C_LANGUAGE_STANDARD = gnu99;
				GCC_DYNAMIC_NO_PIC = NO;
				GCC_NO_COMMON_BLOCKS = YES;
				GCC_OPTIMIZATION_LEVEL = 0;
				GCC_PREPROCESSOR_DEFINITIONS = (
					"DEBUG=1",
					"$(inherited)",
				);
				GCC_SYMBOLS_PRIVATE_EXTERN = NO;
				GCC_WARN_64_TO_32_BIT_CONVERSION = YES;
				GCC_WARN_ABOUT_RETURN_TYPE = YES_ERROR;
				GCC_WARN_UNDECLARED_SELECTOR = YES;
				GCC_WARN_UNINITIALIZED_AUTOS = YES_AGGRESSIVE;
				GCC_WARN_UNUSED_FUNCTION = YES;
				GCC_WARN_UNUSED_VARIABLE = YES;
				IPHONEOS_DEPLOYMENT_TARGET = 8.3;
				MTL_ENABLE_DEBUG_INFO = YES;
				ONLY_ACTIVE_ARCH = YES;
				SDKROOT = iphoneos;
				SWIFT_OPTIMIZATION_LEVEL = "-Onone";
				TARGETED_DEVICE_FAMILY = "1,2";
			};
			name = Debug;
		};
		632CF3E01B12E9130025F833 /* Release */ = {
			isa = XCBuildConfiguration;
			buildSettings = {
				ALWAYS_SEARCH_USER_PATHS = NO;
				CLANG_CXX_LANGUAGE_STANDARD = "gnu++0x";
				CLANG_CXX_LIBRARY = "libc++";
				CLANG_ENABLE_MODULES = YES;
				CLANG_ENABLE_OBJC_ARC = YES;
				CLANG_WARN_BOOL_CONVERSION = YES;
				CLANG_WARN_CONSTANT_CONVERSION = YES;
				CLANG_WARN_DIRECT_OBJC_ISA_USAGE = YES_ERROR;
				CLANG_WARN_EMPTY_BODY = YES;
				CLANG_WARN_ENUM_CONVERSION = YES;
				CLANG_WARN_INT_CONVERSION = YES;
				CLANG_WARN_OBJC_ROOT_CLASS = YES_ERROR;
				CLANG_WARN_UNREACHABLE_CODE = YES;
				CLANG_WARN__DUPLICATE_METHOD_MATCH = YES;
				"CODE_SIGN_IDENTITY[sdk=iphoneos*]" = "iPhone Developer";
				COPY_PHASE_STRIP = NO;
				DEBUG_INFORMATION_FORMAT = "dwarf-with-dsym";
				ENABLE_NS_ASSERTIONS = NO;
				ENABLE_STRICT_OBJC_MSGSEND = YES;
				GCC_C_LANGUAGE_STANDARD = gnu99;
				GCC_NO_COMMON_BLOCKS = YES;
				GCC_WARN_64_TO_32_BIT_CONVERSION = YES;
				GCC_WARN_ABOUT_RETURN_TYPE = YES_ERROR;
				GCC_WARN_UNDECLARED_SELECTOR = YES;
				GCC_WARN_UNINITIALIZED_AUTOS = YES_AGGRESSIVE;
				GCC_WARN_UNUSED_FUNCTION = YES;
				GCC_WARN_UNUSED_VARIABLE = YES;
				IPHONEOS_DEPLOYMENT_TARGET = 8.3;
				MTL_ENABLE_DEBUG_INFO = NO;
				SDKROOT = iphoneos;
				TARGETED_DEVICE_FAMILY = "1,2";
				VALIDATE_PRODUCT = YES;
			};
			name = Release;
		};
		632CF3E21B12E9130025F833 /* Debug */ = {
			isa = XCBuildConfiguration;
			baseConfigurationReference = EAB421B99656A9536AA5994F /* Pods.debug.xcconfig */;
			buildSettings = {
				ASSETCATALOG_COMPILER_APPICON_NAME = AppIcon;
				CLANG_ENABLE_MODULES = YES;
				CODE_SIGN_IDENTITY = "iPhone Developer";
				FRAMEWORK_SEARCH_PATHS = (
					"$(inherited)",
					"$(PROJECT_DIR)/Carthage/Build/iOS",
				);
				INFOPLIST_FILE = summer/Info.plist;
				IPHONEOS_DEPLOYMENT_TARGET = 7.0;
				LD_RUNPATH_SEARCH_PATHS = "$(inherited) @executable_path/Frameworks";
				LIBRARY_SEARCH_PATHS = (
					"$(inherited)",
					"$(PROJECT_DIR)/summer/Vendors/WeChatSDK_1.5",
				);
				PRODUCT_BUNDLE_IDENTIFIER = "DS.$(PRODUCT_NAME:rfc1034identifier)";
				PRODUCT_NAME = "$(TARGET_NAME)";
				SWIFT_OBJC_BRIDGING_HEADER = "summer-Bridging-Header.h";
				SWIFT_OPTIMIZATION_LEVEL = "-Onone";
			};
			name = Debug;
		};
		632CF3E31B12E9130025F833 /* Release */ = {
			isa = XCBuildConfiguration;
			baseConfigurationReference = 832947808C0F33D46BA11AC2 /* Pods.release.xcconfig */;
			buildSettings = {
				ASSETCATALOG_COMPILER_APPICON_NAME = AppIcon;
				CLANG_ENABLE_MODULES = YES;
				CODE_SIGN_IDENTITY = "iPhone Developer";
				FRAMEWORK_SEARCH_PATHS = (
					"$(inherited)",
					"$(PROJECT_DIR)/Carthage/Build/iOS",
				);
				INFOPLIST_FILE = summer/Info.plist;
				IPHONEOS_DEPLOYMENT_TARGET = 7.0;
				LD_RUNPATH_SEARCH_PATHS = "$(inherited) @executable_path/Frameworks";
				LIBRARY_SEARCH_PATHS = (
					"$(inherited)",
					"$(PROJECT_DIR)/summer/Vendors/WeChatSDK_1.5",
				);
				PRODUCT_BUNDLE_IDENTIFIER = "DS.$(PRODUCT_NAME:rfc1034identifier)";
				PRODUCT_NAME = "$(TARGET_NAME)";
				SWIFT_OBJC_BRIDGING_HEADER = "summer-Bridging-Header.h";
			};
			name = Release;
		};
		632CF3E51B12E9130025F833 /* Debug */ = {
			isa = XCBuildConfiguration;
			buildSettings = {
				BUNDLE_LOADER = "$(TEST_HOST)";
				FRAMEWORK_SEARCH_PATHS = (
					"$(SDKROOT)/Developer/Library/Frameworks",
					"$(inherited)",
				);
				GCC_PREPROCESSOR_DEFINITIONS = (
					"DEBUG=1",
					"$(inherited)",
				);
				INFOPLIST_FILE = summerTests/Info.plist;
				LD_RUNPATH_SEARCH_PATHS = "$(inherited) @executable_path/Frameworks @loader_path/Frameworks";
				PRODUCT_BUNDLE_IDENTIFIER = "DS.$(PRODUCT_NAME:rfc1034identifier)";
				PRODUCT_NAME = "$(TARGET_NAME)";
				TEST_HOST = "$(BUILT_PRODUCTS_DIR)/summer.app/summer";
			};
			name = Debug;
		};
		632CF3E61B12E9130025F833 /* Release */ = {
			isa = XCBuildConfiguration;
			buildSettings = {
				BUNDLE_LOADER = "$(TEST_HOST)";
				FRAMEWORK_SEARCH_PATHS = (
					"$(SDKROOT)/Developer/Library/Frameworks",
					"$(inherited)",
				);
				INFOPLIST_FILE = summerTests/Info.plist;
				LD_RUNPATH_SEARCH_PATHS = "$(inherited) @executable_path/Frameworks @loader_path/Frameworks";
				PRODUCT_BUNDLE_IDENTIFIER = "DS.$(PRODUCT_NAME:rfc1034identifier)";
				PRODUCT_NAME = "$(TARGET_NAME)";
				TEST_HOST = "$(BUILT_PRODUCTS_DIR)/summer.app/summer";
			};
			name = Release;
		};
/* End XCBuildConfiguration section */

/* Begin XCConfigurationList section */
		632CF3BA1B12E9130025F833 /* Build configuration list for PBXProject "summer" */ = {
			isa = XCConfigurationList;
			buildConfigurations = (
				632CF3DF1B12E9130025F833 /* Debug */,
				632CF3E01B12E9130025F833 /* Release */,
			);
			defaultConfigurationIsVisible = 0;
			defaultConfigurationName = Release;
		};
		632CF3E11B12E9130025F833 /* Build configuration list for PBXNativeTarget "summer" */ = {
			isa = XCConfigurationList;
			buildConfigurations = (
				632CF3E21B12E9130025F833 /* Debug */,
				632CF3E31B12E9130025F833 /* Release */,
			);
			defaultConfigurationIsVisible = 0;
			defaultConfigurationName = Release;
		};
		632CF3E41B12E9130025F833 /* Build configuration list for PBXNativeTarget "summerTests" */ = {
			isa = XCConfigurationList;
			buildConfigurations = (
				632CF3E51B12E9130025F833 /* Debug */,
				632CF3E61B12E9130025F833 /* Release */,
			);
			defaultConfigurationIsVisible = 0;
			defaultConfigurationName = Release;
		};
/* End XCConfigurationList section */
	};
	rootObject = 632CF3B71B12E9130025F833 /* Project object */;
}
